<?xml version="1.0" encoding="utf-8"?>
<Project ToolsVersion="4.0" xmlns="http://schemas.microsoft.com/developer/msbuild/2003">
  <ItemGroup>
    <ClCompile Include="Context\Context.cpp">
      <Filter>Context</Filter>
    </ClCompile>
    <ClCompile Include="Context\ContextDescription.cpp">
      <Filter>Context</Filter>
    </ClCompile>
    <ClCompile Include="Context\GLFWContext.cpp">
      <Filter>Context</Filter>
    </ClCompile>
    <ClCompile Include="Engine\EngineInstance.cpp">
      <Filter>Engine</Filter>
    </ClCompile>
    <ClCompile Include="Engine\EventManager.cpp">
      <Filter>Engine</Filter>
    </ClCompile>
    <ClCompile Include="Engine\FrameTime.cpp">
      <Filter>Engine</Filter>
    </ClCompile>
    <ClCompile Include="Engine\Game.cpp">
      <Filter>Engine</Filter>
    </ClCompile>
    <ClCompile Include="Scene\Scene.cpp">
      <Filter>Scene</Filter>
    </ClCompile>
    <ClCompile Include="dll\Version.cpp">
      <Filter>dll</Filter>
    </ClCompile>
    <ClCompile Include="dll\dllmain.cpp">
      <Filter>dll</Filter>
    </ClCompile>
    <ClCompile Include="util\stb_image.cpp">
      <Filter>util</Filter>
    </ClCompile>
    <ClCompile Include="Scene\GameObjects\Actor.cpp">
      <Filter>Scene\GameObjects</Filter>
    </ClCompile>
    <ClCompile Include="Scene\GameObjects\GameEntity.cpp">
      <Filter>Scene\GameObjects</Filter>
    </ClCompile>
    <ClCompile Include="Scene\GameObjects\RenderableObject.cpp">
      <Filter>Scene\GameObjects</Filter>
    </ClCompile>
    <ClCompile Include="Scene\GameObjects\Animations\Animation.cpp">
      <Filter>Scene\GameObjects\Animations</Filter>
    </ClCompile>
    <ClCompile Include="Scene\GameObjects\Animations\Joint.cpp">
      <Filter>Scene\GameObjects\Animations</Filter>
    </ClCompile>
    <ClCompile Include="Scene\GameObjects\Lighting\AmbientLight.cpp">
      <Filter>Scene\GameObjects\Lighting</Filter>
    </ClCompile>
    <ClCompile Include="Scene\GameObjects\Lighting\DirectionalLight.cpp">
      <Filter>Scene\GameObjects\Lighting</Filter>
    </ClCompile>
    <ClCompile Include="Scene\GameObjects\Lighting\Light.cpp">
      <Filter>Scene\GameObjects\Lighting</Filter>
    </ClCompile>
    <ClCompile Include="Scene\Environment\Sky.cpp">
      <Filter>Scene\Environment</Filter>
    </ClCompile>
    <ClCompile Include="Scene\GameObjects\FpsCamera.cpp">
      <Filter>Scene\GameObjects</Filter>
    </ClCompile>
    <ClCompile Include="Mathematics\Types\fMatrix2.cpp">
      <Filter>Mathematics\Types</Filter>
    </ClCompile>
    <ClCompile Include="Mathematics\Types\fMatrix3.cpp">
      <Filter>Mathematics\Types</Filter>
    </ClCompile>
    <ClCompile Include="Mathematics\Types\fMatrix4.cpp">
      <Filter>Mathematics\Types</Filter>
    </ClCompile>
    <ClCompile Include="Mathematics\Types\fQuaternion.cpp">
      <Filter>Mathematics\Types</Filter>
    </ClCompile>
    <ClCompile Include="Mathematics\Types\fVector2.cpp">
      <Filter>Mathematics\Types</Filter>
    </ClCompile>
    <ClCompile Include="Mathematics\Types\fVector3.cpp">
      <Filter>Mathematics\Types</Filter>
    </ClCompile>
    <ClCompile Include="Mathematics\Types\fVector4.cpp">
      <Filter>Mathematics\Types</Filter>
    </ClCompile>
    <ClCompile Include="Scene\GameObjects\UpdatableObject.cpp" />
    <ClCompile Include="Mathematics\Utilities\BezierCurve.cpp" />
    <ClCompile Include="Mathematics\Geometry\fPlane.cpp" />
    <ClCompile Include="flameRT\HeapAllocator.cpp" />
    <ClCompile Include="flameRT\MemoryManager.cpp" />
    <ClCompile Include="flameRT\PoolAllocator.cpp" />
    <ClCompile Include="flameRT\Runtime.cpp" />
    <ClCompile Include="flameRT\SingleFrameAllocator.cpp" />
    <ClCompile Include="Mathematics\Geometry\PhysicsDescription.cpp" />
    <ClCompile Include="Graphics\ShaderDefinitions\Shader.cpp">
      <Filter>Graphics</Filter>
    </ClCompile>
    <ClCompile Include="Graphics\ShaderDefinitions\ShaderSourceDescription.cpp" />
    <ClCompile Include="Graphics\ShaderDefinitions\ShaderSourceLibrary.cpp" />
    <ClCompile Include="Graphics\RenderingService\GaussianBlurService.cpp" />
    <ClCompile Include="Scene\Physics\PhysXService.cpp" />
    <ClCompile Include="Graphics\UserInterface\UxComponent.cpp" />
    <ClCompile Include="Graphics\UserInterface\UxService.cpp" />
    <ClCompile Include="Graphics\UserInterface\UxContainer.cpp" />
    <ClCompile Include="Graphics\UserInterface\UxFrame.cpp" />
    <ClCompile Include="Graphics\UserInterface\UxLabel.cpp" />
    <ClCompile Include="Graphics\UserInterface\UxFont.cpp" />
    <ClCompile Include="Graphics\Common\RenderBatch.cpp">
      <Filter>Graphics</Filter>
    </ClCompile>
    <ClCompile Include="Graphics\RenderingService\UxRenderingService.cpp" />
    <ClCompile Include="Graphics\UserInterface\UxWindow.cpp" />
    <ClCompile Include="Graphics\UserInterface\UxRectangle.cpp" />
    <ClCompile Include="Graphics\UserInterface\UxConsoleWindow.cpp" />
    <ClCompile Include="Graphics\UserInterface\UxDebugViewComponent.cpp" />
    <ClCompile Include="flameRT\Memory.cpp">
      <Filter>IO</Filter>
    </ClCompile>
    <ClCompile Include="Input\Keyboard.cpp">
      <Filter>Engine</Filter>
    </ClCompile>
    <ClCompile Include="Input\KeyEventArgs.cpp" />
    <ClCompile Include="Input\Mouse.cpp" />
    <ClCompile Include="Output\LoggerService.cpp" />
    <ClCompile Include="FileSystem\AssetManager.cpp">
      <Filter>IO</Filter>
    </ClCompile>
    <ClCompile Include="FileSystem\File.cpp">
      <Filter>IO</Filter>
    </ClCompile>
    <ClCompile Include="Graphics\Renderer\RendererBase.cpp" />
    <ClCompile Include="Graphics\Renderer\DeferredRenderer.cpp" />
    <ClCompile Include="Graphics\RenderingService\HBAOPlusService.cpp" />
    <ClCompile Include="Graphics\RenderingService\RenderingServiceBase.cpp" />
    <ClCompile Include="Graphics\RenderingService\KawaseBlurService.cpp" />
    <ClCompile Include="Scene\GameObjects\Camera.cpp">
      <Filter>Scene\GameObjects</Filter>
    </ClCompile>
    <ClCompile Include="Graphics\Common\Color.cpp">
      <Filter>Graphics</Filter>
    </ClCompile>
    <ClCompile Include="Graphics\Common\FrameBuffer.cpp">
      <Filter>Graphics</Filter>
    </ClCompile>
    <ClCompile Include="Graphics\Common\MultisampleTexture.cpp" />
    <ClCompile Include="Graphics\Common\RenderState.cpp">
      <Filter>Graphics</Filter>
    </ClCompile>
    <ClCompile Include="Graphics\Common\Texture.cpp">
      <Filter>Graphics</Filter>
    </ClCompile>
    <ClCompile Include="Graphics\Common\TextureFiltering.cpp" />
    <ClCompile Include="Graphics\Common\Vertex.cpp">
      <Filter>Graphics</Filter>
    </ClCompile>
    <ClCompile Include="Graphics\Common\VertexBuffer.cpp">
      <Filter>Graphics</Filter>
    </ClCompile>
    <ClCompile Include="Graphics\Common\VertexElements.cpp">
      <Filter>Graphics</Filter>
    </ClCompile>
    <ClCompile Include="Framework\Common\FLBase.cpp" />
    <ClCompile Include="Graphics\Renderer\OpenGL.cpp" />
    <ClCompile Include="Media\FFmpeg\FFmpeg.cpp" />
    <ClCompile Include="Graphics\UserInterface\UxImage.cpp" />
    <ClCompile Include="Mathematics\Geometry\Volumes\ViewFrustum.cpp" />
    <ClCompile Include="Mathematics\Geometry\fRay.cpp" />
    <ClCompile Include="Mathematics\Geometry\Volumes\AABB.cpp" />
    <ClCompile Include="Graphics\RenderingService\BoundingVolumeDebugService.cpp" />
    <ClCompile Include="Graphics\RenderingService\ShadowmapService.cpp" />
    <ClCompile Include="Graphics\ModelSystem\Animated\AnimatedModel.cpp">
      <Filter>Scene\GameObjects</Filter>
    </ClCompile>
    <ClCompile Include="Graphics\ModelSystem\Fracture\FractureModel.cpp" />
    <ClCompile Include="Graphics\ModelSystem\Static\StaticModel.cpp" />
    <ClCompile Include="Graphics\ModelSystem\Base\ModelBase.cpp">
      <Filter>Scene\GameObjects</Filter>
    </ClCompile>
    <ClCompile Include="Graphics\ModelSystem\Base\ModelMeshBase.cpp" />
    <ClCompile Include="Graphics\ModelSystem\Animated\AnimatedModelMesh.cpp" />
    <ClCompile Include="Graphics\ModelSystem\Static\StaticModelMesh.cpp" />
    <ClCompile Include="Graphics\ModelSystem\Fracture\FractureModelMesh.cpp" />
    <ClCompile Include="Graphics\MaterialSystem\Base\MaterialBase.cpp">
      <Filter>Scene</Filter>
    </ClCompile>
    <ClCompile Include="Graphics\MaterialSystem\Animated\AnimatedMaterial.cpp" />
    <ClCompile Include="Framework\Common\FLFileStream.cpp" />
    <ClCompile Include="Graphics\MaterialSystem\Baked\BakedMaterial.cpp" />
    <ClCompile Include="Graphics\Common\Query.cpp" />
    <ClCompile Include="Scene\GameObjects\Visual\LensFlare.cpp" />
    <ClCompile Include="Scene\GameObjects\Lighting\PointLight.cpp" />
    <ClCompile Include="Scene\GameObjects\Lighting\SpotLight.cpp" />
    <ClCompile Include="Scene\GameObjects\Visual\Fog.cpp" />
  </ItemGroup>
  <ItemGroup>
    <ClInclude Include="Context\Context.h">
      <Filter>Context</Filter>
    </ClInclude>
    <ClInclude Include="Context\ContextDescription.h">
      <Filter>Context</Filter>
    </ClInclude>
    <ClInclude Include="Context\GLFWContext.h">
      <Filter>Context</Filter>
    </ClInclude>
    <ClInclude Include="Engine\EngineInstance.h">
      <Filter>Engine</Filter>
    </ClInclude>
    <ClInclude Include="Engine\EventManager.h">
      <Filter>Engine</Filter>
    </ClInclude>
    <ClInclude Include="Engine\FrameTime.h">
      <Filter>Engine</Filter>
    </ClInclude>
    <ClInclude Include="Engine\Game.h">
      <Filter>Engine</Filter>
    </ClInclude>
    <ClInclude Include="Scene\Scene.h">
      <Filter>Scene</Filter>
    </ClInclude>
    <ClInclude Include="dll\Version.h">
      <Filter>dll</Filter>
    </ClInclude>
    <ClInclude Include="dll\nchfx.h">
      <Filter>dll</Filter>
    </ClInclude>
    <ClInclude Include="dll\logger.h">
      <Filter>dll</Filter>
    </ClInclude>
    <ClInclude Include="dll\framework.h">
      <Filter>dll</Filter>
    </ClInclude>
    <ClInclude Include="util\result.h">
      <Filter>util</Filter>
    </ClInclude>
    <ClInclude Include="util\macros.h">
      <Filter>util</Filter>
    </ClInclude>
    <ClInclude Include="util\gfunc.h">
      <Filter>util</Filter>
    </ClInclude>
    <ClInclude Include="util\stb_image.h">
      <Filter>util</Filter>
    </ClInclude>
    <ClInclude Include="Scene\GameObjects\Actor.h">
      <Filter>Scene\GameObjects</Filter>
    </ClInclude>
    <ClInclude Include="Scene\GameObjects\Camera.h">
      <Filter>Scene\GameObjects</Filter>
    </ClInclude>
    <ClInclude Include="Scene\GameObjects\GameEntity.h">
      <Filter>Scene\GameObjects</Filter>
    </ClInclude>
    <ClInclude Include="Scene\GameObjects\RenderableObject.h">
      <Filter>Scene\GameObjects</Filter>
    </ClInclude>
    <ClInclude Include="Scene\GameObjects\Animations\Animation.h">
      <Filter>Scene\GameObjects\Animations</Filter>
    </ClInclude>
    <ClInclude Include="Scene\GameObjects\Animations\Joint.h">
      <Filter>Scene\GameObjects\Animations</Filter>
    </ClInclude>
    <ClInclude Include="Scene\GameObjects\Lighting\AmbientLight.h">
      <Filter>Scene\GameObjects\Lighting</Filter>
    </ClInclude>
    <ClInclude Include="Scene\GameObjects\Lighting\DirectionalLight.h">
      <Filter>Scene\GameObjects\Lighting</Filter>
    </ClInclude>
    <ClInclude Include="Scene\GameObjects\Lighting\Light.h">
      <Filter>Scene\GameObjects\Lighting</Filter>
    </ClInclude>
    <ClInclude Include="Scene\Environment\Sky.h">
      <Filter>Scene\Environment</Filter>
    </ClInclude>
    <ClInclude Include="Scene\GameObjects\FpsCamera.h">
      <Filter>Scene\GameObjects</Filter>
    </ClInclude>
    <ClInclude Include="Mathematics\Types\fMatrix2.h">
      <Filter>Mathematics\Types</Filter>
    </ClInclude>
    <ClInclude Include="Mathematics\Types\fMatrix3.h">
      <Filter>Mathematics\Types</Filter>
    </ClInclude>
    <ClInclude Include="Mathematics\Types\fMatrix4.h">
      <Filter>Mathematics\Types</Filter>
    </ClInclude>
    <ClInclude Include="Mathematics\Types\fQuaternion.h">
      <Filter>Mathematics\Types</Filter>
    </ClInclude>
    <ClInclude Include="Mathematics\Types\fVector2.h">
      <Filter>Mathematics\Types</Filter>
    </ClInclude>
    <ClInclude Include="Mathematics\Types\fVector3.h">
      <Filter>Mathematics\Types</Filter>
    </ClInclude>
    <ClInclude Include="Mathematics\Types\fVector4.h">
      <Filter>Mathematics\Types</Filter>
    </ClInclude>
    <ClInclude Include="Scene\GameObjects\UpdatableObject.h" />
    <ClInclude Include="Mathematics\Utilities\BezierCurve.h" />
    <ClInclude Include="Mathematics\Geometry\fPlane.h" />
    <ClInclude Include="Mathematics\Module.h" />
    <ClInclude Include="Mathematics\Constants.h" />
    <ClInclude Include="Mathematics\Conversions.h" />
    <ClInclude Include="flameRT\HeapAllocator.h" />
    <ClInclude Include="flameRT\MemoryManager.h" />
    <ClInclude Include="flameRT\PoolAllocator.h" />
    <ClInclude Include="flameRT\Runtime.h" />
    <ClInclude Include="flameRT\SingleFrameAllocator.h" />
    <ClInclude Include="Mathematics\Geometry\PhysicsDescription.h" />
    <ClInclude Include="Graphics\ShaderDefinitions\Shader.h">
      <Filter>Graphics</Filter>
    </ClInclude>
    <ClInclude Include="Graphics\ShaderDefinitions\ShaderSourceDescription.h" />
    <ClInclude Include="Graphics\ShaderDefinitions\ShaderSourceLibrary.h" />
    <ClInclude Include="Mathematics\Functions\Lerp.h" />
    <ClInclude Include="Graphics\RenderingService\GaussianBlurService.h" />
    <ClInclude Include="Scene\Physics\PhysXService.h" />
    <ClInclude Include="Graphics\UserInterface\UxComponent.h" />
    <ClInclude Include="Graphics\UserInterface\UxService.h" />
    <ClInclude Include="Graphics\UserInterface\UxContainer.h" />
    <ClInclude Include="Graphics\UserInterface\UxFrame.h" />
    <ClInclude Include="Graphics\UserInterface\UxLabel.h" />
    <ClInclude Include="Graphics\UserInterface\UxFont.h" />
    <ClInclude Include="Graphics\Common\RenderBatch.h">
      <Filter>Graphics</Filter>
    </ClInclude>
    <ClInclude Include="Graphics\RenderingService\UxRenderingService.h" />
    <ClInclude Include="Graphics\UserInterface\UxWindow.h" />
    <ClInclude Include="Graphics\UserInterface\UxRectangle.h" />
    <ClInclude Include="Graphics\UserInterface\UxConsoleWindow.h" />
    <ClInclude Include="Graphics\UserInterface\UxDebugViewComponent.h" />
    <ClInclude Include="System\systeminfo.h" />
    <ClInclude Include="flameRT\Memory.h">
      <Filter>IO</Filter>
    </ClInclude>
    <ClInclude Include="Input\Keyboard.h">
      <Filter>Engine</Filter>
    </ClInclude>
    <ClInclude Include="Input\KeyEventArgs.h" />
    <ClInclude Include="Input\Mouse.h" />
    <ClInclude Include="Output\LoggerService.h" />
    <ClInclude Include="FileSystem\AssetManager.h">
      <Filter>IO</Filter>
    </ClInclude>
    <ClInclude Include="FileSystem\File.h">
      <Filter>IO</Filter>
    </ClInclude>
    <ClInclude Include="System\gpu.h" />
    <ClInclude Include="System\cpu.h" />
    <ClInclude Include="System\os.h" />
    <ClInclude Include="System\system_memory.h" />
    <ClInclude Include="Graphics\Renderer\RendererBase.h" />
    <ClInclude Include="Graphics\Renderer\DeferredRenderer.h" />
    <ClInclude Include="Graphics\RenderingService\HBAOPlusService.h" />
    <ClInclude Include="Graphics\RenderingService\RenderingServiceBase.h" />
    <ClInclude Include="Graphics\RenderingService\KawaseBlurService.h" />
    <ClInclude Include="Graphics\Common\Color.h">
      <Filter>Graphics</Filter>
    </ClInclude>
    <ClInclude Include="Graphics\Common\FrameBuffer.h">
      <Filter>Graphics</Filter>
    </ClInclude>
    <ClInclude Include="Graphics\Common\MultisampleTexture.h" />
    <ClInclude Include="Graphics\Common\RenderState.h">
      <Filter>Graphics</Filter>
    </ClInclude>
    <ClInclude Include="Graphics\Common\Texture.h">
      <Filter>Graphics</Filter>
    </ClInclude>
    <ClInclude Include="Graphics\Common\TextureFiltering.h" />
    <ClInclude Include="Graphics\Common\Vertex.h">
      <Filter>Graphics</Filter>
    </ClInclude>
    <ClInclude Include="Graphics\Common\VertexBuffer.h">
      <Filter>Graphics</Filter>
    </ClInclude>
    <ClInclude Include="Graphics\Common\VertexElements.h">
      <Filter>Graphics</Filter>
    </ClInclude>
    <ClInclude Include="Framework\Common\FLBase.h" />
    <ClInclude Include="Graphics\Renderer\OpenGL.h" />
    <ClInclude Include="Media\FFmpeg\FFmpeg.h" />
    <ClInclude Include="Graphics\UserInterface\UxImage.h" />
    <ClInclude Include="Mathematics\Geometry\Volumes\ViewFrustum.h" />
    <ClInclude Include="Mathematics\Geometry\fRay.h" />
    <ClInclude Include="Mathematics\Geometry\Volumes\AABB.h" />
    <ClInclude Include="Graphics\RenderingService\BoundingVolumeDebugService.h" />
    <ClInclude Include="Graphics\RenderingService\ShadowmapService.h" />
    <ClInclude Include="Graphics\ModelSystem\Animated\AnimatedModel.h">
      <Filter>Scene\GameObjects</Filter>
    </ClInclude>
    <ClInclude Include="Graphics\ModelSystem\Fracture\FractureModel.h" />
    <ClInclude Include="Graphics\ModelSystem\Static\StaticModel.h" />
    <ClInclude Include="Graphics\ModelSystem\Base\ModelBase.h">
      <Filter>Scene\GameObjects</Filter>
    </ClInclude>
    <ClInclude Include="Graphics\ModelSystem\Base\ModelMeshBase.h" />
    <ClInclude Include="Graphics\ModelSystem\Animated\AnimatedModelMesh.h" />
    <ClInclude Include="Graphics\ModelSystem\Static\StaticModelMesh.h" />
    <ClInclude Include="Graphics\ModelSystem\Fracture\FractureModelMesh.h" />
    <ClInclude Include="Graphics\MaterialSystem\Base\MaterialBase.h">
      <Filter>Scene</Filter>
    </ClInclude>
    <ClInclude Include="Graphics\MaterialSystem\Animated\AnimatedMaterial.h" />
    <ClInclude Include="Framework\Common\FLFileStream.h" />
    <ClInclude Include="Graphics\MaterialSystem\Baked\BakedMaterial.h" />
    <ClInclude Include="Graphics\Common\Query.h" />
    <ClInclude Include="Scene\GameObjects\Visual\LensFlare.h" />
    <ClInclude Include="Scene\GameObjects\Lighting\PointLight.h" />
    <ClInclude Include="Scene\GameObjects\Lighting\SpotLight.h" />
    <ClInclude Include="Scene\GameObjects\Visual\Fog.h" />
  </ItemGroup>
  <ItemGroup>
    <None Include="shaders\debug_frag.glsl">
      <Filter>shaders</Filter>
    </None>
    <None Include="shaders\debug_vert.glsl">
      <Filter>shaders</Filter>
    </None>
    <None Include="shaders\debug_view.frag">
      <Filter>shaders</Filter>
    </None>
    <None Include="shaders\debug_view.vert">
      <Filter>shaders</Filter>
    </None>
    <None Include="shaders\def_geom.glsl">
      <Filter>shaders</Filter>
    </None>
    <None Include="shaders\frag.glsl">
      <Filter>shaders</Filter>
    </None>
    <None Include="shaders\vert.glsl">
      <Filter>shaders</Filter>
    </None>
    <None Include="shaders\ssao_light.vert">
      <Filter>shaders</Filter>
    </None>
    <None Include="shaders\ssao_light.frag">
      <Filter>shaders</Filter>
    </None>
    <None Include="shaders\ssao_geom.vert">
      <Filter>shaders</Filter>
    </None>
    <None Include="shaders\ssao_geom.frag">
      <Filter>shaders</Filter>
    </None>
    <None Include="shaders\ssao_blur.vert">
      <Filter>shaders</Filter>
    </None>
    <None Include="shaders\ssao_blur.frag">
      <Filter>shaders</Filter>
    </None>
    <None Include="shaders\ssao.vert">
      <Filter>shaders</Filter>
    </None>
    <None Include="shaders\ssao.frag">
      <Filter>shaders</Filter>
    </None>
    <None Include="shaders\renderbatch.vert">
      <Filter>shaders</Filter>
    </None>
    <None Include="shaders\renderbatch.frag">
      <Filter>shaders</Filter>
    </None>
    <None Include="shaders\geom.glsl">
      <Filter>shaders</Filter>
    </None>
  </ItemGroup>
  <ItemGroup>
    <Filter Include="Context">
      <UniqueIdentifier>{4dbf9e34-cc7a-4b04-850f-ddd541b7a7e2}</UniqueIdentifier>
    </Filter>
    <Filter Include="Engine">
      <UniqueIdentifier>{4dbc01fa-d3eb-4013-81f2-525fe937a5fd}</UniqueIdentifier>
    </Filter>
    <Filter Include="Graphics">
      <UniqueIdentifier>{a4efeeed-0576-406c-9789-8d4cb1b765ab}</UniqueIdentifier>
    </Filter>
    <Filter Include="IO">
      <UniqueIdentifier>{74c78f49-27f6-42fc-8bb6-d55cab2f4b96}</UniqueIdentifier>
    </Filter>
    <Filter Include="dll">
      <UniqueIdentifier>{37f3f280-f0ef-4511-a856-864b9c46866f}</UniqueIdentifier>
    </Filter>
    <Filter Include="util">
      <UniqueIdentifier>{74ef9c73-2aa6-4d3a-b5d4-f3c457401542}</UniqueIdentifier>
    </Filter>
    <Filter Include="Scene">
      <UniqueIdentifier>{3a99e0f8-78cf-4dd7-8bf4-f1babda0b131}</UniqueIdentifier>
    </Filter>
    <Filter Include="shaders">
      <UniqueIdentifier>{d0c85f8d-a52b-4192-944f-c60356e1678e}</UniqueIdentifier>
    </Filter>
    <Filter Include="Graphics\Media">
      <UniqueIdentifier>{a987246d-100e-42c5-9764-50cca2962463}</UniqueIdentifier>
    </Filter>
    <Filter Include="Scene\GameObjects">
      <UniqueIdentifier>{8e64b2e0-5dc1-4bcb-a1c8-bbba5b543b69}</UniqueIdentifier>
    </Filter>
    <Filter Include="Scene\GameObjects\Animations">
      <UniqueIdentifier>{d4976514-daf7-415d-9500-9f88935f26d5}</UniqueIdentifier>
    </Filter>
    <Filter Include="Scene\GameObjects\Lighting">
      <UniqueIdentifier>{3a8954d8-2639-49b1-9204-1f3b8dd66f5b}</UniqueIdentifier>
    </Filter>
    <Filter Include="GUI">
      <UniqueIdentifier>{87f2432b-880f-4be5-aac4-525abed97667}</UniqueIdentifier>
    </Filter>
    <Filter Include="Scene\Environment">
      <UniqueIdentifier>{6ce24966-fafa-424a-82e9-76a2e3c948f2}</UniqueIdentifier>
    </Filter>
    <Filter Include="Scene\PostProcess">
      <UniqueIdentifier>{55f6c696-3c15-4ff9-bdfa-4d8c5d4f3611}</UniqueIdentifier>
    </Filter>
    <Filter Include="Scene\Phsyics">
      <UniqueIdentifier>{312fd924-4352-4f29-b195-d2718fc0337d}</UniqueIdentifier>
    </Filter>
    <Filter Include="Scene\Phsyics\Collisions">
      <UniqueIdentifier>{68b0b335-cdf7-4b79-b7e8-3c9f60877b97}</UniqueIdentifier>
    </Filter>
    <Filter Include="Scene\Phsyics\Constraints">
      <UniqueIdentifier>{b55840a4-41d6-41c6-b68b-2a61d1a2e636}</UniqueIdentifier>
    </Filter>
    <Filter Include="Scene\Phsyics\Bodies">
      <UniqueIdentifier>{83a83d25-3bcd-4d13-96a0-77501c94f0f8}</UniqueIdentifier>
    </Filter>
    <Filter Include="Scene\Phsyics\World">
      <UniqueIdentifier>{34142307-9263-47f8-9841-f8ebcc5f3eac}</UniqueIdentifier>
    </Filter>
    <Filter Include="Scene\Phsyics\Debug">
      <UniqueIdentifier>{cc9291bc-9db6-4d33-9fbe-71e4c9cb9b6c}</UniqueIdentifier>
    </Filter>
    <Filter Include="Mathematics">
      <UniqueIdentifier>{b81e87c7-c4d0-4611-91ae-df827af4a111}</UniqueIdentifier>
    </Filter>
    <Filter Include="Mathematics\Types">
      <UniqueIdentifier>{ab603570-9a2f-496e-9a94-f6c4797d337b}</UniqueIdentifier>
    </Filter>
  </ItemGroup>
</Project>