<?xml version="1.0" encoding="utf-8"?>
<Project ToolsVersion="4.0" xmlns="http://schemas.microsoft.com/developer/msbuild/2003">
  <ItemGroup>
    <ClCompile Include="Core\Runtime\Common\Memory.cpp">
      <Filter>IO</Filter>
    </ClCompile>
    <ClCompile Include="Core\Runtime\Common\Runtime.cpp" />
    <ClCompile Include="Core\Framework\Common\FArray.cpp" />
    <ClCompile Include="Core\Framework\Common\FObject.cpp" />
    <ClCompile Include="Core\Logging\LoggerService.cpp" />
    <ClCompile Include="Core\Media\Visual\Loaders\FFmpeg\FFmpeg.cpp" />
    <ClCompile Include="Core\UX\UXFramework\UxComponent.cpp" />
    <ClCompile Include="Core\UX\UXFramework\UxConsoleWindow.cpp" />
    <ClCompile Include="Core\UX\UXFramework\UxContainer.cpp" />
    <ClCompile Include="Core\UX\UXFramework\UxDebugViewComponent.cpp" />
    <ClCompile Include="Core\UX\UXFramework\UxFont.cpp" />
    <ClCompile Include="Core\UX\UXFramework\UxFrame.cpp" />
    <ClCompile Include="Core\UX\UXFramework\UxImage.cpp" />
    <ClCompile Include="Core\UX\UXFramework\UxLabel.cpp" />
    <ClCompile Include="Core\UX\UXFramework\UxRectangle.cpp" />
    <ClCompile Include="Core\UX\UXFramework\UxService.cpp" />
    <ClCompile Include="Core\UX\UXFramework\UxWindow.cpp" />
    <ClCompile Include="Core\Framework\Common\FString.cpp" />
    <ClCompile Include="Core\Binary\dllmain.cpp">
      <Filter>dll</Filter>
    </ClCompile>
    <ClCompile Include="Core\Engine\PostprocessServices\Blur\KawaseBlurService.cpp" />
    <ClCompile Include="Core\Engine\PostprocessServices\Blur\GaussianBlurService.cpp" />
    <ClCompile Include="Core\Framework\IO\FileStream.cpp" />
    <ClCompile Include="Core\Math\Geometry\Volumes\AABB.cpp" />
    <ClCompile Include="Core\Math\Geometry\Volumes\BoundingSphere.cpp" />
    <ClCompile Include="Core\Math\Geometry\Volumes\OBB.cpp" />
    <ClCompile Include="Core\Math\Geometry\Volumes\ViewFrustum.cpp" />
    <ClCompile Include="Core\Math\Geometry\FPlane.cpp" />
    <ClCompile Include="Core\Math\Geometry\FRay.cpp" />
    <ClCompile Include="Core\Math\Utilities\BezierCurve.cpp" />
    <ClCompile Include="Core\Engine\GameSystem\Game.cpp">
      <Filter>Engine</Filter>
    </ClCompile>
    <ClCompile Include="Core\Engine\Renderer\Common\Color.cpp">
      <Filter>Graphics</Filter>
    </ClCompile>
    <ClCompile Include="Core\Engine\Renderer\Services\BoundingVolumeDebugService.cpp" />
    <ClCompile Include="Core\Engine\Renderer\Services\RenderingServiceBase.cpp" />
    <ClCompile Include="Core\Engine\Renderer\Services\UxRenderingService.cpp" />
    <ClCompile Include="Core\Engine\FlameRI\FRI.cpp" />
    <ClCompile Include="Core\Engine\Renderer\Common\RenderableObject.cpp" />
    <ClCompile Include="Core\Engine\FlameRI\FRICommandList.cpp" />
    <ClCompile Include="Core\Framework\Common\FDelegate.cpp" />
    <ClCompile Include="Core\Engine\Common\CommandRegistry.cpp" />
    <ClCompile Include="Core\Engine\Common\FTime.cpp" />
    <ClCompile Include="Core\Engine\GameSystem\Common\Scene.cpp">
      <Filter>Scene</Filter>
    </ClCompile>
    <ClCompile Include="Core\Engine\GameSystem\Factories\SceneFactory.cpp" />
    <ClCompile Include="Core\Engine\GameSystem\ParticleSystem\ParticleEngine.cpp" />
    <ClCompile Include="Core\Engine\GameSystem\ParticleSystem\ParticleRenderer.cpp" />
    <ClCompile Include="Core\Framework\Common\FStack.cpp" />
    <ClCompile Include="Core\Framework\Globals\FGlobalID.cpp" />
    <ClCompile Include="Core\Framework\Common\FHashMap.cpp" />
    <ClCompile Include="Core\Framework\Common\FHash.cpp" />
    <ClCompile Include="Core\Engine\GameSystem\LightingSystem\Light.cpp">
      <Filter>Scene\GameObjects\Lighting</Filter>
    </ClCompile>
    <ClCompile Include="Core\Engine\FlameRI\OpenGL\OpenGLFRIImpl.cpp" />
    <ClCompile Include="Core\Engine\Renderer\DeferredRenderer.cpp" />
    <ClCompile Include="Core\Engine\Renderer\Common\Geometry\VertexComponent.cpp">
      <Filter>Graphics</Filter>
    </ClCompile>
    <ClCompile Include="Core\Engine\FlameRI\OpenGL\OpenGLFRIContext.cpp" />
    <ClCompile Include="Platform\Windows\Win32.cpp" />
    <ClCompile Include="Core\Engine\FlameRI\FRICommand.cpp" />
    <ClCompile Include="Core\Engine\GameSystem\Physics\PX\PhysXPXCast.h" />
    <ClCompile Include="Core\Framework\Common\FStringEncoder.cpp" />
    <ClCompile Include="Core\Math\Functions\Trig.cpp" />
    <ClCompile Include="Core\Math\Functions\Misc.cpp" />
    <ClCompile Include="Core\Math\Export\Platform.cpp" />
    <ClCompile Include="Core\Utility\Readers\RapidJSON\JSONDocument.cpp" />
    <ClCompile Include="Environment\EngineEnvironment.cpp" />
    <ClCompile Include="Core\Engine\GameSystem\Common\ViewFrustum.cpp" />
    <ClCompile Include="Core\Engine\GameSystem\EntityComponent\EntityMemoryStack.cpp" />
    <ClCompile Include="Core\Engine\GameSystem\EntityComponent\EntityWorld.cpp" />
    <ClCompile Include="Core\Engine\GameSystem\EntityComponent\EntityComponent.cpp" />
    <ClCompile Include="Core\Engine\GameSystem\Physics\PhysicsComponent.cpp" />
    <ClCompile Include="Core\Engine\ContentSystem\Client\AssetImportScripts\Mesh.cpp" />
    <ClCompile Include="Core\Engine\ContentSystem\Client\AssetImportScripts\Material.cpp" />
    <ClCompile Include="Core\Engine\GameSystem\Physics\PhysicsAllocator.h" />
    <ClCompile Include="Core\Engine\GameSystem\Physics\PhysicsShape.h" />
    <ClCompile Include="Core\Engine\GameSystem\Physics\PX\FPXService.cpp" />
    <ClCompile Include="Core\Engine\Renderer\Services\HBAOPlus\OpenGL\GLHBAOPlus.cpp" />
    <ClCompile Include="Core\Engine\Renderer\Services\HBAOPlus\HBAOPlusAllocator.cpp" />
    <ClCompile Include="Core\Engine\GameSystem\CameraSystem\CameraComponent.cpp" />
    <ClCompile Include="Core\Engine\Renderer\AtmosphereRenderer.cpp" />
    <ClCompile Include="Core\Engine\FlameRI\DX11\D3D11FRIContext.cpp" />
    <ClCompile Include="Core\Engine\Renderer\SATGenerator.cpp" />
    <ClCompile Include="Core\Engine\ContentSystem\Client\AssetImportScripts\AnimationSequence.cpp" />
    <ClCompile Include="Core\Engine\ContentSystem\Client\AssetImportScripts\SkinnedMesh.cpp" />
    <ClCompile Include="Core\Engine\FlameRI\DX11\D3D11FRIImpl.cpp" />
    <ClCompile Include="Core\Engine\ContentSystem\Client\AssetImportScripts\ShaderLibrary.cpp" />
    <ClCompile Include="Core\Engine\Renderer\Services\HBAOPlus\DX11\D3D11HBAOPlus.cpp" />
    <ClCompile Include="Core\Engine\GameSystem\Physics\PX\FPXScene.cpp" />
    <ClCompile Include="Core\Engine\GameSystem\Physics\PhysicsShape.cpp" />
    <ClCompile Include="Core\Engine\GameSystem\Physics\PhysicsGeometry.cpp" />
    <ClCompile Include="Core\Engine\GameSystem\Physics\PX\FPXAllocator.cpp" />
    <ClCompile Include="Core\Engine\ContentSystem\Client\AssetImportScripts\PhysicsTriangleMesh.cpp" />
    <ClCompile Include="Core\Engine\GameSystem\Common\SceneSystems.cpp" />
  </ItemGroup>
  <ItemGroup>
    <ClInclude Include="Core\Common\CoreCommon.h" />
    <ClInclude Include="Core\Runtime\Common\Runtime.h" />
    <ClInclude Include="Core\Runtime\Common\Memory.h">
      <Filter>IO</Filter>
    </ClInclude>
    <ClInclude Include="Core\Framework\Common\FArray.h" />
    <ClInclude Include="Core\Framework\Common\FObject.h" />
    <ClInclude Include="Core\Logging\LoggerService.h" />
    <ClInclude Include="Core\Common\CoreDefinitions.h" />
    <ClInclude Include="Core\Media\Visual\Loaders\FFmpeg\FFmpeg.h" />
    <ClInclude Include="Core\UX\UXFramework\UxComponent.h" />
    <ClInclude Include="Core\UX\UXFramework\UxConsoleWindow.h" />
    <ClInclude Include="Core\UX\UXFramework\UxContainer.h" />
    <ClInclude Include="Core\UX\UXFramework\UxDebugViewComponent.h" />
    <ClInclude Include="Core\UX\UXFramework\UxFont.h" />
    <ClInclude Include="Core\UX\UXFramework\UxFrame.h" />
    <ClInclude Include="Core\UX\UXFramework\UxImage.h" />
    <ClInclude Include="Core\UX\UXFramework\UxLabel.h" />
    <ClInclude Include="Core\UX\UXFramework\UxRectangle.h" />
    <ClInclude Include="Core\UX\UXFramework\UxService.h" />
    <ClInclude Include="Core\UX\UXFramework\UxWindow.h" />
    <ClInclude Include="Core\Framework\Common\FString.h" />
    <ClInclude Include="Core\Engine\PostprocessServices\Blur\KawaseBlurService.h" />
    <ClInclude Include="Core\Engine\PostprocessServices\Blur\GaussianBlurService.h" />
    <ClInclude Include="Core\Common\CoreAssert.h" />
    <ClInclude Include="Core\Common\CoreBase.h" />
    <ClInclude Include="Core\Common\CoreFwdDeclarations.h" />
    <ClInclude Include="Core\Framework\IO\FileStream.h" />
    <ClInclude Include="Core\Math\Geometry\Volumes\AABB.h" />
    <ClInclude Include="Core\Math\Geometry\Volumes\BoundingSphere.h" />
    <ClInclude Include="Core\Math\Geometry\Volumes\OBB.h" />
    <ClInclude Include="Core\Math\Geometry\Volumes\ViewFrustum.h" />
    <ClInclude Include="Core\Math\Geometry\FPlane.h" />
    <ClInclude Include="Core\Math\Geometry\FRay.h" />
    <ClInclude Include="Core\Math\Utilities\BezierCurve.h" />
    <ClInclude Include="Core\Math\Constants.h" />
    <ClInclude Include="Core\Math\Conversions.h" />
    <ClInclude Include="Core\Math\Module.h" />
    <ClInclude Include="Core\Engine\ContentSystem\Client\LocalContentService.h">
      <Filter>IO</Filter>
    </ClInclude>
    <ClInclude Include="Core\Engine\GameSystem\Game.h">
      <Filter>Engine</Filter>
    </ClInclude>
    <ClInclude Include="Core\Math\SIMD\simddef.h" />
    <ClInclude Include="Platform\OpenGL\glext.h" />
    <ClInclude Include="Platform\OpenGL\gl.h" />
    <ClInclude Include="Core\Engine\Renderer\Common\Color.h">
      <Filter>Graphics</Filter>
    </ClInclude>
    <ClInclude Include="Core\Engine\Renderer\Services\BoundingVolumeDebugService.h" />
    <ClInclude Include="Core\Engine\Renderer\Services\HBAOPlus\HBAOPlusInterface.h" />
    <ClInclude Include="Core\Engine\Renderer\Services\RenderingServiceBase.h" />
    <ClInclude Include="Core\Engine\Renderer\Services\UxRenderingService.h" />
    <ClInclude Include="Core\Engine\FlameRI\FRI.h" />
    <ClInclude Include="Core\Engine\FlameRI\FRIContext.h" />
    <ClInclude Include="Core\Engine\FlameRI\FRIDefinitions.h" />
    <ClInclude Include="Core\Engine\FlameRI\FRIResource.h" />
    <ClInclude Include="Platform\OpenGL\glcorearb.h" />
    <ClInclude Include="Core\Engine\FlameRI\FRIDynamicAllocator.h" />
    <ClInclude Include="Core\Framework\Common\FByteArray.h" />
    <ClInclude Include="Core\Engine\Renderer\Common\RenderableObject.h" />
    <ClInclude Include="Core\Runtime\Common\MemoryStack.h" />
    <ClInclude Include="Core\Framework\Common\FDelegate.h" />
    <ClInclude Include="Core\Engine\Common\CommandRegistry.h" />
    <ClInclude Include="Core\Engine\Common\FTime.h" />
    <ClInclude Include="Core\Math\Types\FTransform.h" />
    <ClInclude Include="Core\Engine\GameSystem\KeyInputBinding.h" />
    <ClInclude Include="Core\Framework\Common\FSmartPointer.h" />
    <ClInclude Include="Core\Engine\GameSystem\CameraSystem\CameraComponent.h">
      <Filter>Scene\GameObjects</Filter>
    </ClInclude>
    <ClInclude Include="Core\Engine\GameSystem\Common\Scene.h">
      <Filter>Scene</Filter>
    </ClInclude>
    <ClInclude Include="Core\Engine\GameSystem\Factories\SceneFactory.h" />
    <ClInclude Include="Core\Engine\GameSystem\LightingSystem\DirectionalLight.h">
      <Filter>Scene\GameObjects\Lighting</Filter>
    </ClInclude>
    <ClInclude Include="Core\Engine\GameSystem\ParticleSystem\ParticleEngine.h" />
    <ClInclude Include="Core\Engine\GameSystem\ParticleSystem\ParticleRenderer.h" />
    <ClInclude Include="Core\Engine\GameSystem\Physics\PX\FPXService.h" />
    <ClInclude Include="Core\Engine\GameSystem\Physics\PX\PhysXFrameworkPX_Includes.h" />
    <ClInclude Include="Core\Framework\Common\FStack.h" />
    <ClInclude Include="Core\Framework\Globals\FGlobalID.h" />
    <ClInclude Include="Core\Framework\Common\FHashMap.h" />
    <ClInclude Include="Core\Framework\Common\FHash.h" />
    <ClInclude Include="Core\Engine\GameSystem\Scene\SceneSerializer.h" />
    <ClInclude Include="Core\Engine\GameSystem\Scene\SerializerFwd.h" />
    <ClInclude Include="Core\Engine\Common\FEngineInformation.h" />
    <ClInclude Include="Core\Engine\FlameRI\OpenGL\OpenGLFRI.h" />
    <ClInclude Include="Core\Engine\FlameRI\OpenGL\OpenGLFRIDynamic.h" />
    <ClInclude Include="Core\Engine\FlameRI\OpenGL\OpenGLFRIResource.h" />
    <ClInclude Include="Core\Engine\FlameRI\OpenGL\OpenGL.h" />
    <ClInclude Include="Core\Engine\FlameRI\OpenGL\OpenGLFRICommand.h" />
    <ClInclude Include="Core\Engine\Renderer\DeferredRenderer.h" />
    <ClInclude Include="Core\Engine\Renderer\Common\Geometry\VertexComponent.h">
      <Filter>Graphics</Filter>
    </ClInclude>
    <ClInclude Include="Core\Engine\FlameRI\OpenGL\OpenGLFRIContext.h" />
    <ClInclude Include="Core\Engine\FlameRI\OpenGL\OpenGLFRIContextVersion.h" />
    <ClInclude Include="Platform\Windows\Win32Context.h" />
    <ClInclude Include="Platform\Windows\wgl.h" />
    <ClInclude Include="Core\Engine\FlameRI\OpenGL\FVXLToGLSL.h" />
    <ClInclude Include="Core\Engine\FlameRI\FRICommandList.h" />
    <ClInclude Include="Core\Math\Types\TVector4.h">
      <Filter>Mathematics\Types</Filter>
    </ClInclude>
    <ClInclude Include="Core\Math\Types\TVector3.h">
      <Filter>Mathematics\Types</Filter>
    </ClInclude>
    <ClInclude Include="Core\Math\Types\TVector2.inl" />
    <ClInclude Include="Core\Math\Types\TVector2.h">
      <Filter>Mathematics\Types</Filter>
    </ClInclude>
    <ClInclude Include="Core\Math\Types\TComplex.h" />
    <ClInclude Include="Core\Math\Types\Vector.h" />
    <ClInclude Include="Core\Math\Types\TMatrix4.h">
      <Filter>Mathematics\Types</Filter>
    </ClInclude>
    <ClInclude Include="Core\Math\Types\TMatrix3.h">
      <Filter>Mathematics\Types</Filter>
    </ClInclude>
    <ClInclude Include="Core\Math\Types\TMatrix2.h">
      <Filter>Mathematics\Types</Filter>
    </ClInclude>
    <ClInclude Include="Core\Math\Types\Matrix.h" />
    <ClInclude Include="Core\Math\Types\TQuaternion.h">
      <Filter>Mathematics\Types</Filter>
    </ClInclude>
    <ClInclude Include="Core\Math\Types\Quaternion.h" />
    <ClInclude Include="Core\Math\Calc\VectorField.h" />
    <ClInclude Include="Core\Common\Alignment.h" />
    <ClInclude Include="Core\Common\TypeTraits.h" />
    <ClInclude Include="Core\Framework\Common\FStringMemoryAllocator.h" />
    <ClInclude Include="Core\Framework\Common\FStringConversionTraits.h" />
    <ClInclude Include="Core\Math\Functions\Functions.h" />
    <ClInclude Include="Core\Math\MathFwdDef.h" />
    <ClInclude Include="Core\Engine\GameSystem\Viewport.h" />
    <ClInclude Include="Core\Math\MathBase.h" />
    <ClInclude Include="Core\Engine\GameSystem\Configuration\ConfigurableComponent.h" />
    <ClInclude Include="Core\Utility\Readers\INI\INIReader.h" />
    <ClInclude Include="Core\Utility\Readers\RapidJSON\JSONDocument.h" />
    <ClInclude Include="Environment\EngineEnvironment.h" />
    <ClInclude Include="Core\Engine\GameSystem\EntityComponent\EntityComponent.h" />
    <ClInclude Include="Core\Engine\GameSystem\ControlComponent.h" />
    <ClInclude Include="Core\Engine\GameSystem\Common\ViewFrustum.h" />
    <ClInclude Include="Core\Framework\Algorithm\Sort.h" />
    <ClInclude Include="Core\Framework\Algorithm\Algorithm.h" />
    <ClInclude Include="Core\Engine\GameSystem\EntityComponent\EntityMemoryStack.h" />
    <ClInclude Include="Core\Engine\GameSystem\EntityComponent\Entity.h" />
    <ClInclude Include="Core\Engine\GameSystem\EntityComponent\EntityComponentSystem.h" />
    <ClInclude Include="Core\Engine\GameSystem\EntityComponent\EntityWorld.h" />
    <ClInclude Include="Core\Engine\GameSystem\Physics\PhysicsComponent.h" />
    <ClInclude Include="Core\Engine\GameSystem\Animation\AnimationComponent.h" />
    <ClInclude Include="Core\Engine\GameSystem\Animation\SkeletalComponent.h" />
    <ClInclude Include="Core\Engine\GameSystem\LightingSystem\LightComponent.h" />
    <ClInclude Include="Core\Engine\GameSystem\EntityRefComponent.h" />
    <ClInclude Include="Core\Engine\Renderer\Common\RenderUtil.h" />
    <ClInclude Include="Core\Engine\FlameRI\Viewport.h" />
    <ClInclude Include="Core\Engine\ContentSystem\Client\AssetImportScripts\Mesh.h" />
    <ClInclude Include="Core\Engine\GameSystem\MeshComponent.h" />
    <ClInclude Include="Core\Engine\GameSystem\Material\MaterialComponent.h" />
    <ClInclude Include="Core\Engine\ContentSystem\Client\AssetImportScripts\Material.h" />
    <ClInclude Include="Core\Engine\GameSystem\Physics\PhysicsService.h" />
    <ClInclude Include="Core\Engine\GameSystem\Physics\PX\FPXAllocator.h" />
    <ClInclude Include="Core\Engine\GameSystem\Physics\PhysicsMaterial.h" />
    <ClInclude Include="Core\Engine\GameSystem\Physics\PhysicsGeometry.h" />
    <ClInclude Include="Core\Engine\GameSystem\Physics\PX\FPXActorProxy.h" />
    <ClInclude Include="Core\Engine\GameSystem\Physics\PhysicsScene.h" />
    <ClInclude Include="Core\Engine\GameSystem\Physics\PX\FPXScene.h" />
    <ClInclude Include="Core\Engine\GameSystem\Material\MaterialDefinitions.h" />
    <ClInclude Include="Core\Engine\Renderer\Services\HBAOPlus\OpenGL\GLHBAOPlus.h" />
    <ClInclude Include="Core\Engine\Renderer\Services\ServiceAllocator.h" />
    <ClInclude Include="Core\Engine\Renderer\AtmosphereRenderer.h" />
    <ClInclude Include="Core\Engine\FlameRI\DX11\D3D11.h" />
    <ClInclude Include="Core\Engine\FlameRI\DX11\D3D11FRI.h" />
    <ClInclude Include="Core\Engine\FlameRI\DX11\D3D11FRIContext.h" />
    <ClInclude Include="Core\Engine\FlameRI\DX11\D3D11FRIDynamic.h" />
    <ClInclude Include="Core\Engine\FlameRI\DX11\D3D11FRIResource.h" />
    <ClInclude Include="Core\Engine\Renderer\SATGenerator.h" />
    <ClInclude Include="Core\Engine\ContentSystem\Client\AssetImportScripts\AnimationSequence.h" />
    <ClInclude Include="Core\Engine\GameSystem\SkinnedMeshComponent.h" />
    <ClInclude Include="Core\Engine\ContentSystem\Client\AssetImportScripts\SkinnedMesh.h" />
    <ClInclude Include="Core\Engine\GameSystem\Animation\SkeletonPose.h" />
    <ClInclude Include="Core\Engine\FlameRI\OpenGL\OpenGLFRIProxyTypes.h" />
    <ClInclude Include="Core\Engine\FlameRI\DX11\D3D11FRIProxyTypes.h" />
    <ClInclude Include="Core\Engine\FlameRI\ShaderLibrary\ShaderLibrary.h" />
    <ClInclude Include="Core\Engine\Renderer\RenderModule.h" />
    <ClInclude Include="Core\Engine\ContentSystem\Client\AssetImportScripts\ShaderLibrary.h" />
    <ClInclude Include="Core\Engine\Renderer\Services\HBAOPlus\DX11\D3D11HBAOPlus.h" />
    <ClInclude Include="Core\Engine\GameSystem\Physics\PhysicsGeometryProxy.h" />
    <ClInclude Include="Core\Engine\ContentSystem\Client\AssetImportScripts\PhysicsTriangleMesh.h" />
    <ClInclude Include="Core\Engine\GameSystem\Physics\PhysicsMesh.h" />
    <ClInclude Include="Core\Engine\GameSystem\Common\SceneSystems.h" />
    <ClInclude Include="Core\Engine\Renderer\RenderSystems.h" />
  </ItemGroup>
  <ItemGroup>
    <None Include="shaders\debug_frag.glsl">
      <Filter>shaders</Filter>
    </None>
    <None Include="shaders\debug_vert.glsl">
      <Filter>shaders</Filter>
    </None>
    <None Include="shaders\debug_view.frag">
      <Filter>shaders</Filter>
    </None>
    <None Include="shaders\debug_view.vert">
      <Filter>shaders</Filter>
    </None>
    <None Include="shaders\def_geom.glsl">
      <Filter>shaders</Filter>
    </None>
    <None Include="shaders\frag.glsl">
      <Filter>shaders</Filter>
    </None>
    <None Include="shaders\vert.glsl">
      <Filter>shaders</Filter>
    </None>
    <None Include="shaders\ssao_light.vert">
      <Filter>shaders</Filter>
    </None>
    <None Include="shaders\ssao_light.frag">
      <Filter>shaders</Filter>
    </None>
    <None Include="shaders\ssao_geom.vert">
      <Filter>shaders</Filter>
    </None>
    <None Include="shaders\ssao_geom.frag">
      <Filter>shaders</Filter>
    </None>
    <None Include="shaders\ssao_blur.vert">
      <Filter>shaders</Filter>
    </None>
    <None Include="shaders\ssao_blur.frag">
      <Filter>shaders</Filter>
    </None>
    <None Include="shaders\ssao.vert">
      <Filter>shaders</Filter>
    </None>
    <None Include="shaders\ssao.frag">
      <Filter>shaders</Filter>
    </None>
    <None Include="shaders\renderbatch.vert">
      <Filter>shaders</Filter>
    </None>
    <None Include="shaders\renderbatch.frag">
      <Filter>shaders</Filter>
    </None>
    <None Include="shaders\geom.glsl">
      <Filter>shaders</Filter>
    </None>
    <None Include="packages.config" />
    <None Include="Core\Engine\FlameRI\FRICommandList.inl" />
    <None Include="Core\Math\Types\TVector4.inl" />
    <None Include="Core\Math\Types\TVector3.inl" />
    <None Include="Core\Math\Types\TComplex.inl" />
    <None Include="Core\Math\Types\TMatrix4.inl" />
    <None Include="Core\Math\Types\TMatrix3.inl" />
    <None Include="Core\Math\Types\TMatrix2.inl" />
    <None Include="Core\Math\Types\TQuaternion.inl" />
    <None Include="Core\Framework\Common\FString.inl" />
    <None Include="Core\Framework\Common\FArray.inl" />
  </ItemGroup>
  <ItemGroup>
    <Filter Include="Context">
      <UniqueIdentifier>{4dbf9e34-cc7a-4b04-850f-ddd541b7a7e2}</UniqueIdentifier>
    </Filter>
    <Filter Include="Engine">
      <UniqueIdentifier>{4dbc01fa-d3eb-4013-81f2-525fe937a5fd}</UniqueIdentifier>
    </Filter>
    <Filter Include="Graphics">
      <UniqueIdentifier>{a4efeeed-0576-406c-9789-8d4cb1b765ab}</UniqueIdentifier>
    </Filter>
    <Filter Include="IO">
      <UniqueIdentifier>{74c78f49-27f6-42fc-8bb6-d55cab2f4b96}</UniqueIdentifier>
    </Filter>
    <Filter Include="dll">
      <UniqueIdentifier>{37f3f280-f0ef-4511-a856-864b9c46866f}</UniqueIdentifier>
    </Filter>
    <Filter Include="util">
      <UniqueIdentifier>{74ef9c73-2aa6-4d3a-b5d4-f3c457401542}</UniqueIdentifier>
    </Filter>
    <Filter Include="Scene">
      <UniqueIdentifier>{3a99e0f8-78cf-4dd7-8bf4-f1babda0b131}</UniqueIdentifier>
    </Filter>
    <Filter Include="shaders">
      <UniqueIdentifier>{d0c85f8d-a52b-4192-944f-c60356e1678e}</UniqueIdentifier>
    </Filter>
    <Filter Include="Graphics\Media">
      <UniqueIdentifier>{a987246d-100e-42c5-9764-50cca2962463}</UniqueIdentifier>
    </Filter>
    <Filter Include="Scene\GameObjects">
      <UniqueIdentifier>{8e64b2e0-5dc1-4bcb-a1c8-bbba5b543b69}</UniqueIdentifier>
    </Filter>
    <Filter Include="Scene\GameObjects\Animations">
      <UniqueIdentifier>{d4976514-daf7-415d-9500-9f88935f26d5}</UniqueIdentifier>
    </Filter>
    <Filter Include="Scene\GameObjects\Lighting">
      <UniqueIdentifier>{3a8954d8-2639-49b1-9204-1f3b8dd66f5b}</UniqueIdentifier>
    </Filter>
    <Filter Include="GUI">
      <UniqueIdentifier>{87f2432b-880f-4be5-aac4-525abed97667}</UniqueIdentifier>
    </Filter>
    <Filter Include="Scene\Environment">
      <UniqueIdentifier>{6ce24966-fafa-424a-82e9-76a2e3c948f2}</UniqueIdentifier>
    </Filter>
    <Filter Include="Scene\PostProcess">
      <UniqueIdentifier>{55f6c696-3c15-4ff9-bdfa-4d8c5d4f3611}</UniqueIdentifier>
    </Filter>
    <Filter Include="Scene\Phsyics">
      <UniqueIdentifier>{312fd924-4352-4f29-b195-d2718fc0337d}</UniqueIdentifier>
    </Filter>
    <Filter Include="Scene\Phsyics\Collisions">
      <UniqueIdentifier>{68b0b335-cdf7-4b79-b7e8-3c9f60877b97}</UniqueIdentifier>
    </Filter>
    <Filter Include="Scene\Phsyics\Constraints">
      <UniqueIdentifier>{b55840a4-41d6-41c6-b68b-2a61d1a2e636}</UniqueIdentifier>
    </Filter>
    <Filter Include="Scene\Phsyics\Bodies">
      <UniqueIdentifier>{83a83d25-3bcd-4d13-96a0-77501c94f0f8}</UniqueIdentifier>
    </Filter>
    <Filter Include="Scene\Phsyics\World">
      <UniqueIdentifier>{34142307-9263-47f8-9841-f8ebcc5f3eac}</UniqueIdentifier>
    </Filter>
    <Filter Include="Scene\Phsyics\Debug">
      <UniqueIdentifier>{cc9291bc-9db6-4d33-9fbe-71e4c9cb9b6c}</UniqueIdentifier>
    </Filter>
    <Filter Include="Mathematics">
      <UniqueIdentifier>{b81e87c7-c4d0-4611-91ae-df827af4a111}</UniqueIdentifier>
    </Filter>
    <Filter Include="Mathematics\Types">
      <UniqueIdentifier>{ab603570-9a2f-496e-9a94-f6c4797d337b}</UniqueIdentifier>
    </Filter>
  </ItemGroup>
</Project>