
Microsoft Visual Studio Solution File, Format Version 12.00
# Visual Studio Version 16
VisualStudioVersion = 16.0.29215.179
MinimumVisualStudioVersion = 10.0.40219.1
Project("{8BC9CEB8-8B4A-11D0-8D11-00A0C91BC942}") = "DelusionEngine", "DelusionEngine\DelusionEngine.vcxproj", "{21536F76-055B-4EC3-AC49-FE98570105B1}"
EndProject
Project("{8BC9CEB8-8B4A-11D0-8D11-00A0C91BC942}") = "Showcase", "Showcase\Showcase.vcxproj", "{C381D5AF-F2B7-4322-8A3F-0ED78733F467}"
EndProject
Project("{FAE04EC0-301F-11D3-BF4B-00C04F79EFBC}") = "DelusionMaterialCompiler", "DelusionMaterialCompiler\DelusionMaterialCompiler.csproj", "{35F0B855-CFC8-4078-94F2-7FCD23A8AB2C}"
EndProject
Global
	GlobalSection(SolutionConfigurationPlatforms) = preSolution
		Debug|Any CPU = Debug|Any CPU
		Debug|x64 = Debug|x64
		Debug|x86 = Debug|x86
		Release|Any CPU = Release|Any CPU
		Release|x64 = Release|x64
		Release|x86 = Release|x86
	EndGlobalSection
	GlobalSection(ProjectConfigurationPlatforms) = postSolution
		{21536F76-055B-4EC3-AC49-FE98570105B1}.Debug|Any CPU.ActiveCfg = Debug|Win32
		{21536F76-055B-4EC3-AC49-FE98570105B1}.Debug|x64.ActiveCfg = Debug|x64
		{21536F76-055B-4EC3-AC49-FE98570105B1}.Debug|x64.Build.0 = Debug|x64
		{21536F76-055B-4EC3-AC49-FE98570105B1}.Debug|x86.ActiveCfg = Debug|Win32
		{21536F76-055B-4EC3-AC49-FE98570105B1}.Debug|x86.Build.0 = Debug|Win32
		{21536F76-055B-4EC3-AC49-FE98570105B1}.Release|Any CPU.ActiveCfg = Release|Win32
		{21536F76-055B-4EC3-AC49-FE98570105B1}.Release|x64.ActiveCfg = Release|x64
		{21536F76-055B-4EC3-AC49-FE98570105B1}.Release|x64.Build.0 = Release|x64
		{21536F76-055B-4EC3-AC49-FE98570105B1}.Release|x86.ActiveCfg = Release|Win32
		{21536F76-055B-4EC3-AC49-FE98570105B1}.Release|x86.Build.0 = Release|Win32
		{C381D5AF-F2B7-4322-8A3F-0ED78733F467}.Debug|Any CPU.ActiveCfg = Debug|Win32
		{C381D5AF-F2B7-4322-8A3F-0ED78733F467}.Debug|x64.ActiveCfg = Debug|x64
		{C381D5AF-F2B7-4322-8A3F-0ED78733F467}.Debug|x64.Build.0 = Debug|x64
		{C381D5AF-F2B7-4322-8A3F-0ED78733F467}.Debug|x86.ActiveCfg = Debug|Win32
		{C381D5AF-F2B7-4322-8A3F-0ED78733F467}.Debug|x86.Build.0 = Debug|Win32
		{C381D5AF-F2B7-4322-8A3F-0ED78733F467}.Release|Any CPU.ActiveCfg = Release|Win32
		{C381D5AF-F2B7-4322-8A3F-0ED78733F467}.Release|x64.ActiveCfg = Release|x64
		{C381D5AF-F2B7-4322-8A3F-0ED78733F467}.Release|x64.Build.0 = Release|x64
		{C381D5AF-F2B7-4322-8A3F-0ED78733F467}.Release|x86.ActiveCfg = Release|Win32
		{C381D5AF-F2B7-4322-8A3F-0ED78733F467}.Release|x86.Build.0 = Release|Win32
		{35F0B855-CFC8-4078-94F2-7FCD23A8AB2C}.Debug|Any CPU.ActiveCfg = Debug|Any CPU
		{35F0B855-CFC8-4078-94F2-7FCD23A8AB2C}.Debug|Any CPU.Build.0 = Debug|Any CPU
		{35F0B855-CFC8-4078-94F2-7FCD23A8AB2C}.Debug|x64.ActiveCfg = Debug|Any CPU
		{35F0B855-CFC8-4078-94F2-7FCD23A8AB2C}.Debug|x64.Build.0 = Debug|Any CPU
		{35F0B855-CFC8-4078-94F2-7FCD23A8AB2C}.Debug|x86.ActiveCfg = Debug|Any CPU
		{35F0B855-CFC8-4078-94F2-7FCD23A8AB2C}.Debug|x86.Build.0 = Debug|Any CPU
		{35F0B855-CFC8-4078-94F2-7FCD23A8AB2C}.Release|Any CPU.ActiveCfg = Release|Any CPU
		{35F0B855-CFC8-4078-94F2-7FCD23A8AB2C}.Release|Any CPU.Build.0 = Release|Any CPU
		{35F0B855-CFC8-4078-94F2-7FCD23A8AB2C}.Release|x64.ActiveCfg = Release|Any CPU
		{35F0B855-CFC8-4078-94F2-7FCD23A8AB2C}.Release|x64.Build.0 = Release|Any CPU
		{35F0B855-CFC8-4078-94F2-7FCD23A8AB2C}.Release|x86.ActiveCfg = Release|Any CPU
		{35F0B855-CFC8-4078-94F2-7FCD23A8AB2C}.Release|x86.Build.0 = Release|Any CPU
	EndGlobalSection
	GlobalSection(SolutionProperties) = preSolution
		HideSolutionNode = FALSE
	EndGlobalSection
	GlobalSection(ExtensibilityGlobals) = postSolution
		SolutionGuid = {77D0003F-D761-4220-87F9-00E253CBEBA2}
	EndGlobalSection
EndGlobal
