
Microsoft Visual Studio Solution File, Format Version 12.00
# Visual Studio Version 16
VisualStudioVersion = 16.0.29215.179
MinimumVisualStudioVersion = 10.0.40219.1
Project("{8BC9CEB8-8B4A-11D0-8D11-00A0C91BC942}") = "FlameEngine", "FlameEngine\FlameEngine.vcxproj", "{21536F76-055B-4EC3-AC49-FE98570105B1}"
EndProject
Project("{8BC9CEB8-8B4A-11D0-8D11-00A0C91BC942}") = "Showcase", "Showcase\Showcase.vcxproj", "{C381D5AF-F2B7-4322-8A3F-0ED78733F467}"
EndProject
Project("{9A19103F-16F7-4668-BE54-9A1E7A4F7556}") = "FlameEncoderGUI", "FlameEncoderGUI\FlameEncoderGUI.csproj", "{54932AE7-9307-49D9-8836-07B701709B70}"
EndProject
Project("{9A19103F-16F7-4668-BE54-9A1E7A4F7556}") = "FlameEncoder", "FlameEncoder\FlameEncoder.csproj", "{FA50FDE9-4C23-474A-A519-E66D97D75D01}"
EndProject
Project("{9A19103F-16F7-4668-BE54-9A1E7A4F7556}") = "FlameCompiler", "FlameCompiler\FlameCompiler.csproj", "{D69961D3-36E9-478D-86F5-C9F657EFCC61}"
EndProject
Project("{2150E333-8FDC-42A3-9474-1A3956D46DE8}") = "Toolset", "Toolset", "{C779F1BF-D917-4F69-8D3C-5D483127A892}"
EndProject
Global
	GlobalSection(SolutionConfigurationPlatforms) = preSolution
		Debug|Any CPU = Debug|Any CPU
		Debug|x64 = Debug|x64
		Debug|x86 = Debug|x86
		Release|Any CPU = Release|Any CPU
		Release|x64 = Release|x64
		Release|x86 = Release|x86
	EndGlobalSection
	GlobalSection(ProjectConfigurationPlatforms) = postSolution
		{21536F76-055B-4EC3-AC49-FE98570105B1}.Debug|Any CPU.ActiveCfg = Debug|Win32
		{21536F76-055B-4EC3-AC49-FE98570105B1}.Debug|x64.ActiveCfg = Debug|x64
		{21536F76-055B-4EC3-AC49-FE98570105B1}.Debug|x64.Build.0 = Debug|x64
		{21536F76-055B-4EC3-AC49-FE98570105B1}.Debug|x86.ActiveCfg = Debug|Win32
		{21536F76-055B-4EC3-AC49-FE98570105B1}.Debug|x86.Build.0 = Debug|Win32
		{21536F76-055B-4EC3-AC49-FE98570105B1}.Release|Any CPU.ActiveCfg = Release|Win32
		{21536F76-055B-4EC3-AC49-FE98570105B1}.Release|x64.ActiveCfg = Release|x64
		{21536F76-055B-4EC3-AC49-FE98570105B1}.Release|x64.Build.0 = Release|x64
		{21536F76-055B-4EC3-AC49-FE98570105B1}.Release|x86.ActiveCfg = Release|Win32
		{21536F76-055B-4EC3-AC49-FE98570105B1}.Release|x86.Build.0 = Release|Win32
		{C381D5AF-F2B7-4322-8A3F-0ED78733F467}.Debug|Any CPU.ActiveCfg = Debug|Win32
		{C381D5AF-F2B7-4322-8A3F-0ED78733F467}.Debug|x64.ActiveCfg = Debug|x64
		{C381D5AF-F2B7-4322-8A3F-0ED78733F467}.Debug|x64.Build.0 = Debug|x64
		{C381D5AF-F2B7-4322-8A3F-0ED78733F467}.Debug|x86.ActiveCfg = Debug|Win32
		{C381D5AF-F2B7-4322-8A3F-0ED78733F467}.Debug|x86.Build.0 = Debug|Win32
		{C381D5AF-F2B7-4322-8A3F-0ED78733F467}.Release|Any CPU.ActiveCfg = Release|Win32
		{C381D5AF-F2B7-4322-8A3F-0ED78733F467}.Release|x64.ActiveCfg = Release|x64
		{C381D5AF-F2B7-4322-8A3F-0ED78733F467}.Release|x64.Build.0 = Release|x64
		{C381D5AF-F2B7-4322-8A3F-0ED78733F467}.Release|x86.ActiveCfg = Release|Win32
		{C381D5AF-F2B7-4322-8A3F-0ED78733F467}.Release|x86.Build.0 = Release|Win32
		{54932AE7-9307-49D9-8836-07B701709B70}.Debug|Any CPU.ActiveCfg = Debug|Any CPU
		{54932AE7-9307-49D9-8836-07B701709B70}.Debug|Any CPU.Build.0 = Debug|Any CPU
		{54932AE7-9307-49D9-8836-07B701709B70}.Debug|x64.ActiveCfg = Debug|Any CPU
		{54932AE7-9307-49D9-8836-07B701709B70}.Debug|x64.Build.0 = Debug|Any CPU
		{54932AE7-9307-49D9-8836-07B701709B70}.Debug|x86.ActiveCfg = Debug|Any CPU
		{54932AE7-9307-49D9-8836-07B701709B70}.Debug|x86.Build.0 = Debug|Any CPU
		{54932AE7-9307-49D9-8836-07B701709B70}.Release|Any CPU.ActiveCfg = Release|Any CPU
		{54932AE7-9307-49D9-8836-07B701709B70}.Release|Any CPU.Build.0 = Release|Any CPU
		{54932AE7-9307-49D9-8836-07B701709B70}.Release|x64.ActiveCfg = Release|Any CPU
		{54932AE7-9307-49D9-8836-07B701709B70}.Release|x64.Build.0 = Release|Any CPU
		{54932AE7-9307-49D9-8836-07B701709B70}.Release|x86.ActiveCfg = Release|Any CPU
		{54932AE7-9307-49D9-8836-07B701709B70}.Release|x86.Build.0 = Release|Any CPU
		{FA50FDE9-4C23-474A-A519-E66D97D75D01}.Debug|Any CPU.ActiveCfg = Debug|Any CPU
		{FA50FDE9-4C23-474A-A519-E66D97D75D01}.Debug|Any CPU.Build.0 = Debug|Any CPU
		{FA50FDE9-4C23-474A-A519-E66D97D75D01}.Debug|x64.ActiveCfg = Debug|Any CPU
		{FA50FDE9-4C23-474A-A519-E66D97D75D01}.Debug|x64.Build.0 = Debug|Any CPU
		{FA50FDE9-4C23-474A-A519-E66D97D75D01}.Debug|x86.ActiveCfg = Debug|Any CPU
		{FA50FDE9-4C23-474A-A519-E66D97D75D01}.Debug|x86.Build.0 = Debug|Any CPU
		{FA50FDE9-4C23-474A-A519-E66D97D75D01}.Release|Any CPU.ActiveCfg = Release|Any CPU
		{FA50FDE9-4C23-474A-A519-E66D97D75D01}.Release|Any CPU.Build.0 = Release|Any CPU
		{FA50FDE9-4C23-474A-A519-E66D97D75D01}.Release|x64.ActiveCfg = Release|Any CPU
		{FA50FDE9-4C23-474A-A519-E66D97D75D01}.Release|x64.Build.0 = Release|Any CPU
		{FA50FDE9-4C23-474A-A519-E66D97D75D01}.Release|x86.ActiveCfg = Release|Any CPU
		{FA50FDE9-4C23-474A-A519-E66D97D75D01}.Release|x86.Build.0 = Release|Any CPU
		{D69961D3-36E9-478D-86F5-C9F657EFCC61}.Debug|Any CPU.ActiveCfg = Debug|Any CPU
		{D69961D3-36E9-478D-86F5-C9F657EFCC61}.Debug|Any CPU.Build.0 = Debug|Any CPU
		{D69961D3-36E9-478D-86F5-C9F657EFCC61}.Debug|x64.ActiveCfg = Debug|Any CPU
		{D69961D3-36E9-478D-86F5-C9F657EFCC61}.Debug|x64.Build.0 = Debug|Any CPU
		{D69961D3-36E9-478D-86F5-C9F657EFCC61}.Debug|x86.ActiveCfg = Debug|Any CPU
		{D69961D3-36E9-478D-86F5-C9F657EFCC61}.Debug|x86.Build.0 = Debug|Any CPU
		{D69961D3-36E9-478D-86F5-C9F657EFCC61}.Release|Any CPU.ActiveCfg = Release|Any CPU
		{D69961D3-36E9-478D-86F5-C9F657EFCC61}.Release|Any CPU.Build.0 = Release|Any CPU
		{D69961D3-36E9-478D-86F5-C9F657EFCC61}.Release|x64.ActiveCfg = Release|Any CPU
		{D69961D3-36E9-478D-86F5-C9F657EFCC61}.Release|x64.Build.0 = Release|Any CPU
		{D69961D3-36E9-478D-86F5-C9F657EFCC61}.Release|x86.ActiveCfg = Release|Any CPU
		{D69961D3-36E9-478D-86F5-C9F657EFCC61}.Release|x86.Build.0 = Release|Any CPU
	EndGlobalSection
	GlobalSection(SolutionProperties) = preSolution
		HideSolutionNode = FALSE
	EndGlobalSection
	GlobalSection(NestedProjects) = preSolution
		{54932AE7-9307-49D9-8836-07B701709B70} = {C779F1BF-D917-4F69-8D3C-5D483127A892}
		{FA50FDE9-4C23-474A-A519-E66D97D75D01} = {C779F1BF-D917-4F69-8D3C-5D483127A892}
		{D69961D3-36E9-478D-86F5-C9F657EFCC61} = {C779F1BF-D917-4F69-8D3C-5D483127A892}
	EndGlobalSection
	GlobalSection(ExtensibilityGlobals) = postSolution
		SolutionGuid = {77D0003F-D761-4220-87F9-00E253CBEBA2}
	EndGlobalSection
EndGlobal
