<?xml version="1.0" encoding="utf-8"?>
<Project ToolsVersion="4.0" xmlns="http://schemas.microsoft.com/developer/msbuild/2003">
  <ItemGroup>
    <FxCompile Include="Renderer\Deferred\Lighting.frag.hlsl" />
    <FxCompile Include="Renderer\Deferred\Lighting.vert.hlsl" />
    <FxCompile Include="Renderer\Deferred\GBufferPOM.frag.hlsl" />
    <FxCompile Include="Renderer\Deferred\GBuffer.vert.hlsl" />
    <FxCompile Include="Renderer\Deferred\GBufferSkinned.vert.hlsl" />
    <FxCompile Include="Renderer\Shadowmap\Shadow.frag.hlsl" />
    <FxCompile Include="Renderer\Shadowmap\Shadow.vert.hlsl" />
    <FxCompile Include="Renderer\Shadowmap\ShadowSkinned.vert.hlsl" />
    <FxCompile Include="Showcase\TestParticle.vert.hlsl" />
    <FxCompile Include="Showcase\TestParticle.frag.hlsl" />
    <FxCompile Include="Renderer\Atmosphere\AtmosphereBasic.vert.hlsl" />
    <FxCompile Include="Renderer\Atmosphere\AtmosphereBasic.frag.hlsl" />
    <FxCompile Include="Renderer\Atmosphere\AtmosphereDynamic.frag.hlsl" />
    <FxCompile Include="Renderer\Atmosphere\AtmosphereDynamic.vert.hlsl" />
    <FxCompile Include="Renderer\UI\UX.frag.hlsl" />
    <FxCompile Include="Renderer\UI\UX.vert.hlsl" />
    <FxCompile Include="Renderer\Misc\BBox.vert.hlsl" />
    <FxCompile Include="Renderer\Misc\BBox.frag.hlsl" />
    <FxCompile Include="Renderer\Misc\Debug.vert.hlsl" />
    <FxCompile Include="Renderer\Misc\Debug.frag.hlsl" />
    <FxCompile Include="Renderer\PostProcess\PostProcess.frag.hlsl" />
    <FxCompile Include="Renderer\PostProcess\PostProcess.vert.hlsl" />
    <FxCompile Include="Renderer\PostProcess\SMAABlendingWeight.vert.hlsl" />
    <FxCompile Include="Renderer\PostProcess\SMAABlendingWeight.frag.hlsl" />
    <FxCompile Include="Renderer\PostProcess\SMAAEdgeDetection.vert.hlsl" />
    <FxCompile Include="Renderer\PostProcess\SMAAEdgeDetection.frag.hlsl" />
    <FxCompile Include="Renderer\PostProcess\SMAANeighbourhoodBlend.vert.hlsl" />
    <FxCompile Include="Renderer\PostProcess\SMAANeighbourhoodBlend.frag.hlsl" />
    <FxCompile Include="Renderer\PostProcess\BoxBlur.vert.hlsl" />
    <FxCompile Include="Renderer\PostProcess\BoxBlur.frag.hlsl" />
    <FxCompile Include="Renderer\Deferred\Transluscent.frag.hlsl" />
    <FxCompile Include="Renderer\Deferred\Transluscent.vert.hlsl" />
    <FxCompile Include="Renderer\Deferred\TransluscentCombine.vert.hlsl" />
    <FxCompile Include="Renderer\Deferred\TransluscentCombine.frag.hlsl" />
    <FxCompile Include="Renderer\VXGI\VoxelizationGen.vert.hlsl" />
    <FxCompile Include="Renderer\VXGI\VoxelizationGen.geom.hlsl" />
    <FxCompile Include="Renderer\VXGI\VoxelizationGen.frag.hlsl" />
    <FxCompile Include="Renderer\VXGI\VoxelLighting.comp.hlsl" />
    <FxCompile Include="Renderer\VXGI\VXGIFinal.vert.hlsl" />
    <FxCompile Include="Renderer\VXGI\VXGIFinal.frag.hlsl" />
    <FxCompile Include="Renderer\VXGI\VoxelFlush.comp.hlsl" />
    <FxCompile Include="Renderer\VXGI\VoxelPropagation.comp.hlsl" />
    <FxCompile Include="Renderer\VXGI\AnisotropicCreate.comp.hlsl" />
    <FxCompile Include="Renderer\VXGI\AnisotropicIntegrate.comp.hlsl" />
    <FxCompile Include="Renderer\VXGI\VisualizeVoxels.vert.hlsl" />
    <FxCompile Include="Renderer\VXGI\VisualizeVoxels.frag.hlsl" />
    <FxCompile Include="Renderer\VXGI\VisualizeVoxels.geom.hlsl" />
    <FxCompile Include="Utilities\PBR\IrradianceFilter.vert.hlsl" />
    <FxCompile Include="Utilities\PBR\IrradianceFilter.frag.hlsl" />
    <FxCompile Include="Utilities\PBR\IrradianceSpecular.vert.hlsl" />
    <FxCompile Include="Utilities\PBR\IrradianceSpecular.frag.hlsl" />
    <FxCompile Include="FlameCraft\ChunkGeometry.frag.hlsl" />
    <FxCompile Include="FlameCraft\ChunkGeometry.vert.hlsl" />
    <FxCompile Include="FlameCraft\ChunkGeometryShadow.vert.hlsl" />
    <FxCompile Include="FlameCraft\ChunkGeometryShadow.frag.hlsl" />
    <FxCompile Include="FlameCraft\ChunkGeometryWater.vert.hlsl" />
    <FxCompile Include="FlameCraft\ChunkGeometryWater.frag.hlsl" />
    <FxCompile Include="FlameCraft\Grass.vert.hlsl" />
    <FxCompile Include="FlameCraft\Grass.frag.hlsl" />
    <FxCompile Include="FlameCraft\Grass.dom.hlsl" />
    <FxCompile Include="FlameCraft\Grass.hull.hlsl" />
    <FxCompile Include="Showcase\Dissolve.vert.hlsl" />
    <FxCompile Include="Showcase\Dissolve.frag.hlsl" />
    <FxCompile Include="Renderer\Deferred\GBufferTessellated.frag.hlsl" />
    <FxCompile Include="Renderer\Deferred\GBufferTessellated.hull.hlsl" />
    <FxCompile Include="Renderer\Deferred\GBufferTessellated.dom.hlsl" />
    <FxCompile Include="Renderer\Deferred\GBufferTessellated.vert.hlsl" />
    <FxCompile Include="Renderer\Deferred\GBuffer.frag.hlsl" />
    <FxCompile Include="Renderer\Deferred\GBufferTessellatedSkinned.vert.hlsl" />
    <FxCompile Include="Renderer\Shadowmap\ShadowTessellated.vert.hlsl" />
    <FxCompile Include="Renderer\Shadowmap\ShadowTessellated.hull.hlsl" />
    <FxCompile Include="Renderer\Shadowmap\ShadowTessellated.dom.hlsl" />
    <FxCompile Include="Renderer\Shadowmap\ShadowTessellated.frag.hlsl" />
    <FxCompile Include="Renderer\Shadowmap\ShadowTessellatedSkinned.vert.hlsl" />
    <FxCompile Include="Renderer\PostProcess\GaussianBlur.vert.hlsl" />
    <FxCompile Include="Renderer\PostProcess\GaussianBlurHorizontal.frag.hlsl" />
    <FxCompile Include="Renderer\PostProcess\GaussianBlurVertical.frag.hlsl" />
    <FxCompile Include="Renderer\PostProcess\Passthrough.frag.hlsl" />
    <FxCompile Include="Renderer\PostProcess\Passthrough.vert.hlsl" />
    <FxCompile Include="Renderer\PostProcess\Additive.frag.hlsl" />
    <FxCompile Include="FlameCraft\SmokeParticle.frag.hlsl" />
    <FxCompile Include="FlameCraft\SmokeParticle.vert.hlsl" />
  </ItemGroup>
  <ItemGroup>
    <None Include="Utilities\ACES.hlsl" />
    <None Include="Utilities\CookTorrance.hlsl" />
    <None Include="Utilities\Spaces.hlsl" />
    <None Include="Renderer\PostProcess\SMAA.hlsl" />
    <None Include="Utilities\FXAA.hlsl" />
    <None Include="Utilities\Packing.hlsl" />
    <None Include="Renderer\VXGI\VXGIBuffers.hlsl" />
    <None Include="Utilities\LightData.hlsl" />
    <None Include="Renderer\Atmosphere\Scattering.hlsl" />
  </ItemGroup>
</Project>