<?xml version="1.0" encoding="utf-8"?>
<Project ToolsVersion="4.0" xmlns="http://schemas.microsoft.com/developer/msbuild/2003">
  <ItemGroup>
    <ClInclude Include="imgui\imstb_rectpack.h">
      <Filter>Source\imgui</Filter>
    </ClInclude>
    <ClInclude Include="imgui\imstb_textedit.h">
      <Filter>Source\imgui</Filter>
    </ClInclude>
    <ClInclude Include="imgui\imstb_truetype.h">
      <Filter>Source\imgui</Filter>
    </ClInclude>
    <ClInclude Include="imgui\imconfig.h">
      <Filter>Source\imgui</Filter>
    </ClInclude>
    <ClInclude Include="imgui\imgui.h">
      <Filter>Source\imgui</Filter>
    </ClInclude>
    <ClInclude Include="imgui\imgui_internal.h">
      <Filter>Source\imgui</Filter>
    </ClInclude>
    <ClInclude Include="Context\Context.h">
      <Filter>Source\Context</Filter>
    </ClInclude>
    <ClInclude Include="Context\ContextDescription.h">
      <Filter>Source\Context</Filter>
    </ClInclude>
    <ClInclude Include="Context\GLFWContext.h">
      <Filter>Source\Context</Filter>
    </ClInclude>
    <ClInclude Include="Scene\Actor.h">
      <Filter>Source\Scene</Filter>
    </ClInclude>
    <ClInclude Include="Scene\BoundingBox.h">
      <Filter>Source\Scene</Filter>
    </ClInclude>
    <ClInclude Include="Scene\Camera.h">
      <Filter>Source\Scene</Filter>
    </ClInclude>
    <ClInclude Include="Scene\DebugView.h">
      <Filter>Source\Scene</Filter>
    </ClInclude>
    <ClInclude Include="Scene\Frustum.h">
      <Filter>Source\Scene</Filter>
    </ClInclude>
    <ClInclude Include="Scene\Light.h">
      <Filter>Source\Scene</Filter>
    </ClInclude>
    <ClInclude Include="Scene\Model.h">
      <Filter>Source\Scene</Filter>
    </ClInclude>
    <ClInclude Include="Scene\ModelMesh.h">
      <Filter>Source\Scene</Filter>
    </ClInclude>
    <ClInclude Include="Scene\Plane.h">
      <Filter>Source\Scene</Filter>
    </ClInclude>
    <ClInclude Include="Scene\Scene.h">
      <Filter>Source\Scene</Filter>
    </ClInclude>
    <ClInclude Include="util\macros.h" />
    <ClInclude Include="util\result.h" />
    <ClInclude Include="util\stb_image.h" />
    <ClInclude Include="Graphics\Color.h" />
    <ClInclude Include="Graphics\FrameBuffer.h" />
    <ClInclude Include="Graphics\RenderBatch.h" />
    <ClInclude Include="Graphics\RenderState.h" />
    <ClInclude Include="Graphics\Shader.h" />
    <ClInclude Include="Graphics\Texture.h" />
    <ClInclude Include="Graphics\Vertex.h" />
    <ClInclude Include="Graphics\VertexBuffer.h" />
    <ClInclude Include="Graphics\VertexElements.h" />
    <ClInclude Include="dll\framework.h" />
    <ClInclude Include="dll\logger.h" />
    <ClInclude Include="dll\nchfx.h" />
    <ClInclude Include="dll\Version.h" />
    <ClInclude Include="Engine\FrameTime.h" />
    <ClInclude Include="Engine\GameInstance.h" />
    <ClInclude Include="Engine\Keyboard.h" />
    <ClInclude Include="Graphics\Media\Font.h" />
    <ClInclude Include="Graphics\Media\FontManager.h" />
    <ClInclude Include="Scene\MaterialSystem\Material.h" />
    <ClInclude Include="Scene\SceneGeometry.h" />
    <ClInclude Include="Engine\EventManager.h" />
    <ClInclude Include="Scene\Ray.h" />
  </ItemGroup>
  <ItemGroup>
    <ClCompile Include="imgui\imgui_widgets.cpp">
      <Filter>Source\imgui</Filter>
    </ClCompile>
    <ClCompile Include="imgui\imgui.cpp">
      <Filter>Source\imgui</Filter>
    </ClCompile>
    <ClCompile Include="imgui\imgui_demo.cpp">
      <Filter>Source\imgui</Filter>
    </ClCompile>
    <ClCompile Include="imgui\imgui_draw.cpp">
      <Filter>Source\imgui</Filter>
    </ClCompile>
    <ClCompile Include="Context\Context.cpp">
      <Filter>Source\Context</Filter>
    </ClCompile>
    <ClCompile Include="Context\ContextDescription.cpp">
      <Filter>Source\Context</Filter>
    </ClCompile>
    <ClCompile Include="Context\GLFWContext.cpp">
      <Filter>Source\Context</Filter>
    </ClCompile>
    <ClCompile Include="Scene\Actor.cpp">
      <Filter>Source\Scene</Filter>
    </ClCompile>
    <ClCompile Include="Scene\BoundingBox.cpp">
      <Filter>Source\Scene</Filter>
    </ClCompile>
    <ClCompile Include="Scene\Camera.cpp">
      <Filter>Source\Scene</Filter>
    </ClCompile>
    <ClCompile Include="Scene\DebugView.cpp">
      <Filter>Source\Scene</Filter>
    </ClCompile>
    <ClCompile Include="Scene\Frustum.cpp">
      <Filter>Source\Scene</Filter>
    </ClCompile>
    <ClCompile Include="Scene\Light.cpp">
      <Filter>Source\Scene</Filter>
    </ClCompile>
    <ClCompile Include="Scene\Model.cpp">
      <Filter>Source\Scene</Filter>
    </ClCompile>
    <ClCompile Include="Scene\ModelMesh.cpp">
      <Filter>Source\Scene</Filter>
    </ClCompile>
    <ClCompile Include="Scene\Plane.cpp">
      <Filter>Source\Scene</Filter>
    </ClCompile>
    <ClCompile Include="Scene\Scene.cpp">
      <Filter>Source\Scene</Filter>
    </ClCompile>
    <ClCompile Include="util\stb_image.cpp" />
    <ClCompile Include="Graphics\Color.cpp" />
    <ClCompile Include="Graphics\FrameBuffer.cpp" />
    <ClCompile Include="Graphics\RenderBatch.cpp" />
    <ClCompile Include="Graphics\RenderState.cpp" />
    <ClCompile Include="Graphics\Shader.cpp" />
    <ClCompile Include="Graphics\Texture.cpp" />
    <ClCompile Include="Graphics\Vertex.cpp" />
    <ClCompile Include="Graphics\VertexBuffer.cpp" />
    <ClCompile Include="Graphics\VertexElements.cpp" />
    <ClCompile Include="dll\dllmain.cpp" />
    <ClCompile Include="dll\Version.cpp" />
    <ClCompile Include="Engine\FrameTime.cpp" />
    <ClCompile Include="Engine\GameInstance.cpp" />
    <ClCompile Include="Engine\Keyboard.cpp" />
    <ClCompile Include="Graphics\Media\Font.cpp" />
    <ClCompile Include="Graphics\Media\FontManager.cpp" />
    <ClCompile Include="Scene\MaterialSystem\Material.cpp" />
    <ClCompile Include="Scene\SceneGeometry.cpp" />
    <ClCompile Include="Engine\EventManager.cpp" />
    <ClCompile Include="Scene\Ray.cpp" />
  </ItemGroup>
  <ItemGroup>
    <Filter Include="Source">
      <UniqueIdentifier>{e1c55fbc-0d06-4fa4-ad0e-070d2e53a264}</UniqueIdentifier>
    </Filter>
    <Filter Include="Source\dll">
      <UniqueIdentifier>{2bfd220f-962b-46b6-a0a9-7217ba0529ec}</UniqueIdentifier>
    </Filter>
    <Filter Include="Source\util">
      <UniqueIdentifier>{2e798f21-3706-4267-96df-91b495fcaddf}</UniqueIdentifier>
    </Filter>
    <Filter Include="shaders">
      <UniqueIdentifier>{a08b29fe-e506-4bd1-8ffc-1709797b32f8}</UniqueIdentifier>
    </Filter>
    <Filter Include="Source\Scene">
      <UniqueIdentifier>{6748210e-7310-46e1-994e-e1c138d4ecb0}</UniqueIdentifier>
    </Filter>
    <Filter Include="Source\Graphics">
      <UniqueIdentifier>{ca7b9944-0c9b-49c5-b889-c045f8a97bf7}</UniqueIdentifier>
    </Filter>
    <Filter Include="Source\Scene\Physics">
      <UniqueIdentifier>{e056867c-11e2-4114-b5ff-4aa9d161f023}</UniqueIdentifier>
    </Filter>
    <Filter Include="Source\Graphics\Media">
      <UniqueIdentifier>{8c708da8-3b85-451f-ad43-4115739b3c52}</UniqueIdentifier>
    </Filter>
    <Filter Include="Source\Scene\MaterialSystem">
      <UniqueIdentifier>{60d0eaa1-d91d-47d9-91d8-17465179f4da}</UniqueIdentifier>
    </Filter>
    <Filter Include="Source\Context">
      <UniqueIdentifier>{58aebd9f-ddc4-469f-847b-2462c07da08d}</UniqueIdentifier>
    </Filter>
    <Filter Include="Source\imgui">
      <UniqueIdentifier>{6b5bdd65-a726-47a9-a497-e49df5ef17c0}</UniqueIdentifier>
    </Filter>
  </ItemGroup>
  <ItemGroup>
    <None Include="shaders\debug_frag.glsl">
      <Filter>shaders</Filter>
    </None>
    <None Include="shaders\debug_vert.glsl">
      <Filter>shaders</Filter>
    </None>
    <None Include="shaders\debug_view.frag">
      <Filter>shaders</Filter>
    </None>
    <None Include="shaders\debug_view.vert">
      <Filter>shaders</Filter>
    </None>
    <None Include="shaders\def_geom.glsl">
      <Filter>shaders</Filter>
    </None>
    <None Include="shaders\frag.glsl">
      <Filter>shaders</Filter>
    </None>
    <None Include="shaders\geom.glsl">
      <Filter>shaders</Filter>
    </None>
    <None Include="shaders\renderbatch.frag">
      <Filter>shaders</Filter>
    </None>
    <None Include="shaders\renderbatch.vert">
      <Filter>shaders</Filter>
    </None>
    <None Include="shaders\ssao.frag">
      <Filter>shaders</Filter>
    </None>
    <None Include="shaders\ssao.vert">
      <Filter>shaders</Filter>
    </None>
    <None Include="shaders\ssao_blur.frag">
      <Filter>shaders</Filter>
    </None>
    <None Include="shaders\ssao_blur.vert">
      <Filter>shaders</Filter>
    </None>
    <None Include="shaders\ssao_geom.frag">
      <Filter>shaders</Filter>
    </None>
    <None Include="shaders\ssao_geom.vert">
      <Filter>shaders</Filter>
    </None>
    <None Include="shaders\ssao_light.frag">
      <Filter>shaders</Filter>
    </None>
    <None Include="shaders\ssao_light.vert">
      <Filter>shaders</Filter>
    </None>
    <None Include="shaders\vert.glsl">
      <Filter>shaders</Filter>
    </None>
  </ItemGroup>
</Project>