<?xml version="1.0" encoding="utf-8"?>
<Project ToolsVersion="4.0" xmlns="http://schemas.microsoft.com/developer/msbuild/2003">
  <ItemGroup>
    <Filter Include="SceneElements">
      <UniqueIdentifier>{058c7dd4-3475-4030-a6e7-ade8c9f8e09e}</UniqueIdentifier>
    </Filter>
  </ItemGroup>
  <ItemGroup>
    <ClInclude Include="ManagedObject.h" />
    <ClInclude Include="Resource.h" />
    <ClInclude Include="EditorAppNative.h" />
    <ClInclude Include="EditorApp.h" />
    <ClInclude Include="EditorViewerScript.h" />
    <ClInclude Include="SceneEntityBehaviour.h">
      <Filter>SceneElements</Filter>
    </ClInclude>
    <ClInclude Include="EntityAgent.h">
      <Filter>SceneElements</Filter>
    </ClInclude>
  </ItemGroup>
  <ItemGroup>
    <ClCompile Include="AssemblyInfo.cpp" />
    <ClCompile Include="ManagedObject.cpp" />
    <ClCompile Include="EditorAppNative.cpp" />
    <ClCompile Include="EditorApp.cpp" />
    <ClCompile Include="EditorViewerScript.cpp" />
    <ClCompile Include="SceneEntityBehaviour.cpp">
      <Filter>SceneElements</Filter>
    </ClCompile>
    <ClCompile Include="EntityAgent.cpp">
      <Filter>SceneElements</Filter>
    </ClCompile>
  </ItemGroup>
</Project>