<?xml version="1.0" encoding="utf-8"?>
<Project ToolsVersion="4.0" xmlns="http://schemas.microsoft.com/developer/msbuild/2003">
  <ItemGroup>
    <ClCompile Include="Main.cpp" />
    <ClCompile Include="TestGame.cpp" />
    <ClCompile Include="TestPlayerSystem.cpp" />
  </ItemGroup>
  <ItemGroup>
    <Filter Include="shaders">
      <UniqueIdentifier>{b6ad0651-44d9-43ab-9b20-095de1485fa1}</UniqueIdentifier>
    </Filter>
    <Filter Include="shaders\ux">
      <UniqueIdentifier>{3a20b379-915b-447c-9c6c-7d6a18d9de68}</UniqueIdentifier>
    </Filter>
    <Filter Include="shaders\renderbatch">
      <UniqueIdentifier>{453dffe9-dd3a-4402-9080-1edd33a1c8d4}</UniqueIdentifier>
    </Filter>
    <Filter Include="shaders\blur">
      <UniqueIdentifier>{7f9aa4d3-263f-49b0-9db4-2dabdaa4c24f}</UniqueIdentifier>
    </Filter>
  </ItemGroup>
  <ItemGroup>
    <None Include="shaders\misc\debug_frag.glsl">
      <Filter>shaders</Filter>
    </None>
    <None Include="shaders\misc\debug_vert.glsl">
      <Filter>shaders</Filter>
    </None>
    <None Include="shaders\misc\debug_view.frag">
      <Filter>shaders</Filter>
    </None>
    <None Include="shaders\misc\debug_view.vert">
      <Filter>shaders</Filter>
    </None>
    <None Include="shaders\misc\def_geom.glsl">
      <Filter>shaders</Filter>
    </None>
    <None Include="shaders\misc\frag.glsl">
      <Filter>shaders</Filter>
    </None>
    <None Include="shaders\misc\geom.glsl">
      <Filter>shaders</Filter>
    </None>
    <None Include="shaders\misc\renderbatch.frag">
      <Filter>shaders</Filter>
    </None>
    <None Include="shaders\misc\renderbatch.vert">
      <Filter>shaders</Filter>
    </None>
    <None Include="shaders\misc\renderbatch_string.frag">
      <Filter>shaders</Filter>
    </None>
    <None Include="shaders\misc\renderbatch_string.vert">
      <Filter>shaders</Filter>
    </None>
    <None Include="shaders\misc\ssao_blur.frag">
      <Filter>shaders</Filter>
    </None>
    <None Include="shaders\misc\ssao_blur.vert">
      <Filter>shaders</Filter>
    </None>
    <None Include="shaders\misc\ssao_geom.frag">
      <Filter>shaders</Filter>
    </None>
    <None Include="shaders\misc\ssao_geom.vert">
      <Filter>shaders</Filter>
    </None>
    <None Include="shaders\misc\ssao_light.frag">
      <Filter>shaders</Filter>
    </None>
    <None Include="shaders\misc\ssao_light.vert">
      <Filter>shaders</Filter>
    </None>
    <None Include="shaders\misc\vert.glsl">
      <Filter>shaders</Filter>
    </None>
    <None Include="shaders\misc\animated_model_frag.glsl">
      <Filter>shaders</Filter>
    </None>
    <None Include="shaders\misc\animated_model_vert.glsl">
      <Filter>shaders</Filter>
    </None>
    <None Include="shaders\misc\depth_frag.glsl">
      <Filter>shaders</Filter>
    </None>
    <None Include="shaders\misc\depth_vert.glsl">
      <Filter>shaders</Filter>
    </None>
    <None Include="shaders\misc\gauss_blur.frag">
      <Filter>shaders</Filter>
    </None>
    <None Include="shaders\misc\ssao_final.frag">
      <Filter>shaders</Filter>
    </None>
    <None Include="shaders\misc\ssao_final.vert">
      <Filter>shaders</Filter>
    </None>
    <None Include="shaders\misc\ssao2.frag">
      <Filter>shaders</Filter>
    </None>
    <None Include="shaders\misc\geom_preserve_blur.frag">
      <Filter>shaders</Filter>
    </None>
    <None Include="shaders\ux\uxFrame.frag">
      <Filter>shaders\ux</Filter>
    </None>
    <None Include="shaders\ux\uxFrame.vert">
      <Filter>shaders\ux</Filter>
    </None>
    <None Include="shaders\blur\kawase_blur.frag">
      <Filter>shaders\blur</Filter>
    </None>
    <None Include="shaders\scene\lights.glsl" />
    <None Include="shaders\flamev\geomgen.fvx" />
    <None Include="shaders\flamev\new.fs" />
    <None Include="shaders\scene\depthpass.frag" />
    <None Include="shaders\scene\depthpass.vert" />
    <None Include="shaders\basic\quad.frag" />
    <None Include="shaders\basic\quad.vert" />
    <None Include="shaders\basic\quad_array.frag" />
    <None Include="shaders\basic\quad_array.vert" />
    <None Include="shaders\atmosphere\atmosphere.frag" />
    <None Include="shaders\atmosphere\atmosphere.vert" />
    <None Include="shaders\util\SATGen.frag" />
    <None Include="animations\anim_guy.fl3d.anim" />
    <None Include="shaders\deferred.fslib" />
  </ItemGroup>
  <ItemGroup>
    <ClInclude Include="TestGame.h" />
    <ClInclude Include="TestPlayerSystem.h" />
    <ClInclude Include="FirstPersonCharacterComponent.h" />
    <ClInclude Include="shaders\util\SATGen.vert" />
  </ItemGroup>
  <ItemGroup>
    <CustomBuild Include="shaders\deferred\ShadowmapSkinned.vert.glsl" />
    <CustomBuild Include="shaders\deferred\Shadowmap.vert.glsl">
      <Filter>shaders</Filter>
    </CustomBuild>
    <CustomBuild Include="shaders\deferred\Combine.frag.glsl" />
    <CustomBuild Include="shaders\deferred\Combine.vert.glsl" />
    <CustomBuild Include="shaders\deferred\GBufferGen.frag.glsl" />
    <CustomBuild Include="shaders\deferred\GBufferGen.vert.glsl" />
    <CustomBuild Include="shaders\deferred\GBufferGenSkinned.vert.glsl" />
    <CustomBuild Include="shaders\deferred\Shadowmap.frag.glsl">
      <Filter>shaders</Filter>
    </CustomBuild>
    <CustomBuild Include="shaders\atmosphere\basic.frag.glsl" />
    <CustomBuild Include="shaders\atmosphere\basic.vert.glsl" />
  </ItemGroup>
  <ItemGroup>
    <FxCompile Include="shaders\signature\dx\CombineQuad.signature.hlsl" />
    <FxCompile Include="shaders\signature\dx\Mesh.signature.hlsl" />
    <FxCompile Include="shaders\signature\dx\SkinnedMesh.signature.hlsl" />
  </ItemGroup>
</Project>