<?xml version="1.0" encoding="utf-8"?>
<Project ToolsVersion="4.0" xmlns="http://schemas.microsoft.com/developer/msbuild/2003">
  <ItemGroup>
    <ClCompile Include="Main.cpp" />
    <ClCompile Include="TestGame.cpp" />
    <ClCompile Include="TestPlayerCharacter.cpp" />
  </ItemGroup>
  <ItemGroup>
    <Filter Include="shaders">
      <UniqueIdentifier>{b6ad0651-44d9-43ab-9b20-095de1485fa1}</UniqueIdentifier>
    </Filter>
    <Filter Include="shaders\ux">
      <UniqueIdentifier>{3a20b379-915b-447c-9c6c-7d6a18d9de68}</UniqueIdentifier>
    </Filter>
    <Filter Include="shaders\renderbatch">
      <UniqueIdentifier>{453dffe9-dd3a-4402-9080-1edd33a1c8d4}</UniqueIdentifier>
    </Filter>
    <Filter Include="shaders\blur">
      <UniqueIdentifier>{7f9aa4d3-263f-49b0-9db4-2dabdaa4c24f}</UniqueIdentifier>
    </Filter>
  </ItemGroup>
  <ItemGroup>
    <None Include="shaders\debug_frag.glsl">
      <Filter>shaders</Filter>
    </None>
    <None Include="shaders\debug_vert.glsl">
      <Filter>shaders</Filter>
    </None>
    <None Include="shaders\debug_view.frag">
      <Filter>shaders</Filter>
    </None>
    <None Include="shaders\debug_view.vert">
      <Filter>shaders</Filter>
    </None>
    <None Include="shaders\def_geom.glsl">
      <Filter>shaders</Filter>
    </None>
    <None Include="shaders\frag.glsl">
      <Filter>shaders</Filter>
    </None>
    <None Include="shaders\geom.glsl">
      <Filter>shaders</Filter>
    </None>
    <None Include="shaders\renderbatch.frag">
      <Filter>shaders</Filter>
    </None>
    <None Include="shaders\renderbatch.vert">
      <Filter>shaders</Filter>
    </None>
    <None Include="shaders\renderbatch_string.frag">
      <Filter>shaders</Filter>
    </None>
    <None Include="shaders\renderbatch_string.vert">
      <Filter>shaders</Filter>
    </None>
    <None Include="shaders\ssao.frag">
      <Filter>shaders</Filter>
    </None>
    <None Include="shaders\ssao.vert">
      <Filter>shaders</Filter>
    </None>
    <None Include="shaders\ssao_blur.frag">
      <Filter>shaders</Filter>
    </None>
    <None Include="shaders\ssao_blur.vert">
      <Filter>shaders</Filter>
    </None>
    <None Include="shaders\ssao_geom.frag">
      <Filter>shaders</Filter>
    </None>
    <None Include="shaders\ssao_geom.vert">
      <Filter>shaders</Filter>
    </None>
    <None Include="shaders\ssao_light.frag">
      <Filter>shaders</Filter>
    </None>
    <None Include="shaders\ssao_light.vert">
      <Filter>shaders</Filter>
    </None>
    <None Include="shaders\vert.glsl">
      <Filter>shaders</Filter>
    </None>
    <None Include="shaders\animated_model_frag.glsl">
      <Filter>shaders</Filter>
    </None>
    <None Include="shaders\animated_model_vert.glsl">
      <Filter>shaders</Filter>
    </None>
    <None Include="shaders\depth_frag.glsl">
      <Filter>shaders</Filter>
    </None>
    <None Include="shaders\depth_vert.glsl">
      <Filter>shaders</Filter>
    </None>
    <None Include="shaders\gauss_blur.frag">
      <Filter>shaders</Filter>
    </None>
    <None Include="shaders\ssao_final.frag">
      <Filter>shaders</Filter>
    </None>
    <None Include="shaders\ssao_final.vert">
      <Filter>shaders</Filter>
    </None>
    <None Include="shaders\ssao2.frag">
      <Filter>shaders</Filter>
    </None>
    <None Include="shaders\geom_preserve_blur.frag">
      <Filter>shaders</Filter>
    </None>
    <None Include="shaders\ux\uxFrame.frag">
      <Filter>shaders\ux</Filter>
    </None>
    <None Include="shaders\ux\uxFrame.vert">
      <Filter>shaders\ux</Filter>
    </None>
    <None Include="shaders\blur\kawase_blur.frag">
      <Filter>shaders\blur</Filter>
    </None>
    <None Include="shaders\scene\lights.glsl" />
    <None Include="shaders\flamev\geomgen.fvx" />
    <None Include="shaders\flamev\new.fs" />
    <None Include="shaders\scene\depthpass.frag" />
    <None Include="shaders\scene\depthpass.vert" />
  </ItemGroup>
  <ItemGroup>
    <ClInclude Include="TestGame.h" />
    <ClInclude Include="TestPlayerCharacter.h" />
  </ItemGroup>
</Project>